// !$*UTF8*$!
{
	archiveVersion = 1;
	classes = {
	};
	objectVersion = 56;
	objects = {

/* Begin PBXBuildFile section */
		277FFBB902267ECE88187A24 /* Pods_Story.framework in Frameworks */ = {isa = PBXBuildFile; fileRef = 519625ECFD770641EE6F8DA7 /* Pods_Story.framework */; };
		B919E1EA29ED50EB004A7BBB /* CalendarDateButtonDelegate.swift in Sources */ = {isa = PBXBuildFile; fileRef = B919E1E929ED50EB004A7BBB /* CalendarDateButtonDelegate.swift */; };
		B919E1EC29ED62BA004A7BBB /* CalendarViewModel.swift in Sources */ = {isa = PBXBuildFile; fileRef = B919E1EB29ED62BA004A7BBB /* CalendarViewModel.swift */; };
		B949082B29AF3E6D00B42BDE /* StoryPostEnterInfoView.swift in Sources */ = {isa = PBXBuildFile; fileRef = B949082A29AF3E6D00B42BDE /* StoryPostEnterInfoView.swift */; };
		B949082D29AF3F3600B42BDE /* CustomLocationPicker.swift in Sources */ = {isa = PBXBuildFile; fileRef = B949082C29AF3F3600B42BDE /* CustomLocationPicker.swift */; };
		B949082F29AF4C5D00B42BDE /* StoryPostWriteContentView.swift in Sources */ = {isa = PBXBuildFile; fileRef = B949082E29AF4C5D00B42BDE /* StoryPostWriteContentView.swift */; };
		B949083229AF4FCE00B42BDE /* StoryPostViewModel.swift in Sources */ = {isa = PBXBuildFile; fileRef = B949083129AF4FCE00B42BDE /* StoryPostViewModel.swift */; };
		B949083429AF714400B42BDE /* FeedCell.swift in Sources */ = {isa = PBXBuildFile; fileRef = B949083329AF714400B42BDE /* FeedCell.swift */; };
		B949083629AF779000B42BDE /* FeedtableView.swift in Sources */ = {isa = PBXBuildFile; fileRef = B949083529AF779000B42BDE /* FeedtableView.swift */; };
		B949087F29B4C0E200B42BDE /* CalenderViewController.swift in Sources */ = {isa = PBXBuildFile; fileRef = B949087E29B4C0E200B42BDE /* CalenderViewController.swift */; };
		B949088129B4C45B00B42BDE /* Common.framework in Frameworks */ = {isa = PBXBuildFile; fileRef = B949088029B4C45B00B42BDE /* Common.framework */; };
		B949088229B4C45B00B42BDE /* Common.framework in Embed Frameworks */ = {isa = PBXBuildFile; fileRef = B949088029B4C45B00B42BDE /* Common.framework */; settings = {ATTRIBUTES = (CodeSignOnCopy, RemoveHeadersOnCopy, ); }; };
		B949088829B5D62E00B42BDE /* CalendarCollectionViewCell.swift in Sources */ = {isa = PBXBuildFile; fileRef = B949088729B5D62E00B42BDE /* CalendarCollectionViewCell.swift */; };
		B949089329BA1BC200B42BDE /* CalendarDateButton.swift in Sources */ = {isa = PBXBuildFile; fileRef = B949089229BA1BC200B42BDE /* CalendarDateButton.swift */; };
		B949089529BA1D8400B42BDE /* StoryHomeViewModel.swift in Sources */ = {isa = PBXBuildFile; fileRef = B949089429BA1D8400B42BDE /* StoryHomeViewModel.swift */; };
		B949089829BA1E4800B42BDE /* PostPreview.swift in Sources */ = {isa = PBXBuildFile; fileRef = B949089729BA1E4800B42BDE /* PostPreview.swift */; };
		B949089A29BA21E400B42BDE /* ContentPreviewCell.swift in Sources */ = {isa = PBXBuildFile; fileRef = B949089929BA21E400B42BDE /* ContentPreviewCell.swift */; };
		B94DBE042A37071C00884BF3 /* PostByCalendar.swift in Sources */ = {isa = PBXBuildFile; fileRef = B94DBE032A37071C00884BF3 /* PostByCalendar.swift */; };
		B94DBE062A3751FE00884BF3 /* PostByCalendarRepository.swift in Sources */ = {isa = PBXBuildFile; fileRef = B94DBE052A3751FE00884BF3 /* PostByCalendarRepository.swift */; };
		B94DBE082A3752B300884BF3 /* GetPostByCalendarUseCase.swift in Sources */ = {isa = PBXBuildFile; fileRef = B94DBE072A3752B300884BF3 /* GetPostByCalendarUseCase.swift */; };
		B94DBE0A2A3757B700884BF3 /* DummyPostByCalendarRepository.swift in Sources */ = {isa = PBXBuildFile; fileRef = B94DBE092A3757B700884BF3 /* DummyPostByCalendarRepository.swift */; };
		B94DBE0C2A3758D500884BF3 /* DefaultPostByCalendarUseCase.swift in Sources */ = {isa = PBXBuildFile; fileRef = B94DBE0B2A3758D500884BF3 /* DefaultPostByCalendarUseCase.swift */; };
		B94DBE0E2A379A9000884BF3 /* UIImage+Extension.swift in Sources */ = {isa = PBXBuildFile; fileRef = B94DBE0D2A379A9000884BF3 /* UIImage+Extension.swift */; };
		B94DBE5E2A403AD200884BF3 /* PostingRepository.swift in Sources */ = {isa = PBXBuildFile; fileRef = B94DBE5D2A403AD200884BF3 /* PostingRepository.swift */; };
		B94DBE602A403D1700884BF3 /* DummyPostingRepository.swift in Sources */ = {isa = PBXBuildFile; fileRef = B94DBE5F2A403D1700884BF3 /* DummyPostingRepository.swift */; };
		B94DBE622A403DEC00884BF3 /* PostingUseCase.swift in Sources */ = {isa = PBXBuildFile; fileRef = B94DBE612A403DEC00884BF3 /* PostingUseCase.swift */; };
		B94DBE642A403E3900884BF3 /* DefaultPostingUseCase.swift in Sources */ = {isa = PBXBuildFile; fileRef = B94DBE632A403E3900884BF3 /* DefaultPostingUseCase.swift */; };
		B96A35C129C35EE800AC685F /* StoryDTO.swift in Sources */ = {isa = PBXBuildFile; fileRef = B96A35C029C35EE800AC685F /* StoryDTO.swift */; };
		B96A35C329C35F8300AC685F /* StoryProvider.swift in Sources */ = {isa = PBXBuildFile; fileRef = B96A35C229C35F8300AC685F /* StoryProvider.swift */; };
		B96D82EE296EA7A900C29AA9 /* StoryPostViewController.swift in Sources */ = {isa = PBXBuildFile; fileRef = B96D82ED296EA7A900C29AA9 /* StoryPostViewController.swift */; };
		B96D82F5296EF50900C29AA9 /* DateLabel.swift in Sources */ = {isa = PBXBuildFile; fileRef = B96D82F4296EF50900C29AA9 /* DateLabel.swift */; };
		B96D82F7296EFBE900C29AA9 /* PostPhotoView.swift in Sources */ = {isa = PBXBuildFile; fileRef = B96D82F6296EFBE900C29AA9 /* PostPhotoView.swift */; };
		B97D44D829DB4A4F0033586B /* StoryCoordinator.swift in Sources */ = {isa = PBXBuildFile; fileRef = B97D44D729DB4A4F0033586B /* StoryCoordinator.swift */; };
		B97D453929DD70610033586B /* StoryImages.swift in Sources */ = {isa = PBXBuildFile; fileRef = B97D453829DD70610033586B /* StoryImages.swift */; };
		B97D453B29DD71240033586B /* Bundle+Extension.swift in Sources */ = {isa = PBXBuildFile; fileRef = B97D453A29DD71240033586B /* Bundle+Extension.swift */; };
		B97D453D29DD718B0033586B /* Assets.xcassets in Resources */ = {isa = PBXBuildFile; fileRef = B97D453C29DD718B0033586B /* Assets.xcassets */; };
		B97F966D29FFD1F7004EDC15 /* StickerPickerView.swift in Sources */ = {isa = PBXBuildFile; fileRef = B97F966C29FFD1F7004EDC15 /* StickerPickerView.swift */; };
		B97F966F29FFD6C6004EDC15 /* StickerViewCell.swift in Sources */ = {isa = PBXBuildFile; fileRef = B97F966E29FFD6C6004EDC15 /* StickerViewCell.swift */; };
		B97F967129FFEC8A004EDC15 /* Stickers.swift in Sources */ = {isa = PBXBuildFile; fileRef = B97F967029FFEC8A004EDC15 /* Stickers.swift */; };
		B9BA94DF2A2DD3B200418AF0 /* DefaultPostByRegionRepository.swift in Sources */ = {isa = PBXBuildFile; fileRef = B9BA94DE2A2DD3B200418AF0 /* DefaultPostByRegionRepository.swift */; };
		B9BA94E22A2DD4FD00418AF0 /* PostByRegionRepository.swift in Sources */ = {isa = PBXBuildFile; fileRef = B9BA94E12A2DD4FD00418AF0 /* PostByRegionRepository.swift */; };
		B9BA94E62A2DD85000418AF0 /* PostByRegion.swift in Sources */ = {isa = PBXBuildFile; fileRef = B9BA94E52A2DD85000418AF0 /* PostByRegion.swift */; };
		B9BA94E92A2DD9FF00418AF0 /* StoryNetworkManager.swift in Sources */ = {isa = PBXBuildFile; fileRef = B9BA94E82A2DD9FF00418AF0 /* StoryNetworkManager.swift */; };
		B9BA94EC2A2DDD1200418AF0 /* PostByRegionDTO.swift in Sources */ = {isa = PBXBuildFile; fileRef = B9BA94EB2A2DDD1200418AF0 /* PostByRegionDTO.swift */; };
		B9BA94EE2A2DE00000418AF0 /* DummyPostByRegionRepository.swift in Sources */ = {isa = PBXBuildFile; fileRef = B9BA94ED2A2DE00000418AF0 /* DummyPostByRegionRepository.swift */; };
		B9BA94F12A2DE2B100418AF0 /* GetPostByRegionUseCase.swift in Sources */ = {isa = PBXBuildFile; fileRef = B9BA94F02A2DE2B100418AF0 /* GetPostByRegionUseCase.swift */; };
		B9BA94F42A2DE4AE00418AF0 /* DefaultPostByRegionUsecase.swift in Sources */ = {isa = PBXBuildFile; fileRef = B9BA94F32A2DE4AE00418AF0 /* DefaultPostByRegionUsecase.swift */; };
		B9BA94F62A2DFB1900418AF0 /* CustomCollectionViewHeader.swift in Sources */ = {isa = PBXBuildFile; fileRef = B9BA94F52A2DFB1900418AF0 /* CustomCollectionViewHeader.swift */; };
		B9BE5A6C292387FD00E82CFB /* Story.h in Headers */ = {isa = PBXBuildFile; fileRef = B9BE5A6B292387FD00E82CFB /* Story.h */; settings = {ATTRIBUTES = (Public, ); }; };
		B9BE5A772923884100E82CFB /* StoryHomeViewController.swift in Sources */ = {isa = PBXBuildFile; fileRef = B9BE5A762923884100E82CFB /* StoryHomeViewController.swift */; };
/* End PBXBuildFile section */

/* Begin PBXCopyFilesBuildPhase section */
		B96D82F3296EAC8400C29AA9 /* Embed Frameworks */ = {
			isa = PBXCopyFilesBuildPhase;
			buildActionMask = 2147483647;
			dstPath = "";
			dstSubfolderSpec = 10;
			files = (
				B949088229B4C45B00B42BDE /* Common.framework in Embed Frameworks */,
			);
			name = "Embed Frameworks";
			runOnlyForDeploymentPostprocessing = 0;
		};
/* End PBXCopyFilesBuildPhase section */

/* Begin PBXFileReference section */
		4332A94F8F73D9B6CAF89894 /* Pods-Story.debug.xcconfig */ = {isa = PBXFileReference; includeInIndex = 1; lastKnownFileType = text.xcconfig; name = "Pods-Story.debug.xcconfig"; path = "Target Support Files/Pods-Story/Pods-Story.debug.xcconfig"; sourceTree = "<group>"; };
		48A9566EF5CEDDB22CC0D217 /* Pods-Story.release.xcconfig */ = {isa = PBXFileReference; includeInIndex = 1; lastKnownFileType = text.xcconfig; name = "Pods-Story.release.xcconfig"; path = "Target Support Files/Pods-Story/Pods-Story.release.xcconfig"; sourceTree = "<group>"; };
		519625ECFD770641EE6F8DA7 /* Pods_Story.framework */ = {isa = PBXFileReference; explicitFileType = wrapper.framework; includeInIndex = 0; path = Pods_Story.framework; sourceTree = BUILT_PRODUCTS_DIR; };
		B919E1E929ED50EB004A7BBB /* CalendarDateButtonDelegate.swift */ = {isa = PBXFileReference; lastKnownFileType = sourcecode.swift; path = CalendarDateButtonDelegate.swift; sourceTree = "<group>"; };
		B919E1EB29ED62BA004A7BBB /* CalendarViewModel.swift */ = {isa = PBXFileReference; lastKnownFileType = sourcecode.swift; path = CalendarViewModel.swift; sourceTree = "<group>"; };
		B949082A29AF3E6D00B42BDE /* StoryPostEnterInfoView.swift */ = {isa = PBXFileReference; lastKnownFileType = sourcecode.swift; path = StoryPostEnterInfoView.swift; sourceTree = "<group>"; };
		B949082C29AF3F3600B42BDE /* CustomLocationPicker.swift */ = {isa = PBXFileReference; lastKnownFileType = sourcecode.swift; path = CustomLocationPicker.swift; sourceTree = "<group>"; };
		B949082E29AF4C5D00B42BDE /* StoryPostWriteContentView.swift */ = {isa = PBXFileReference; lastKnownFileType = sourcecode.swift; path = StoryPostWriteContentView.swift; sourceTree = "<group>"; };
		B949083129AF4FCE00B42BDE /* StoryPostViewModel.swift */ = {isa = PBXFileReference; lastKnownFileType = sourcecode.swift; path = StoryPostViewModel.swift; sourceTree = "<group>"; };
		B949083329AF714400B42BDE /* FeedCell.swift */ = {isa = PBXFileReference; lastKnownFileType = sourcecode.swift; path = FeedCell.swift; sourceTree = "<group>"; };
		B949083529AF779000B42BDE /* FeedtableView.swift */ = {isa = PBXFileReference; lastKnownFileType = sourcecode.swift; path = FeedtableView.swift; sourceTree = "<group>"; };
		B949087E29B4C0E200B42BDE /* CalenderViewController.swift */ = {isa = PBXFileReference; lastKnownFileType = sourcecode.swift; path = CalenderViewController.swift; sourceTree = "<group>"; };
		B949088029B4C45B00B42BDE /* Common.framework */ = {isa = PBXFileReference; explicitFileType = wrapper.framework; path = Common.framework; sourceTree = BUILT_PRODUCTS_DIR; };
		B949088729B5D62E00B42BDE /* CalendarCollectionViewCell.swift */ = {isa = PBXFileReference; lastKnownFileType = sourcecode.swift; path = CalendarCollectionViewCell.swift; sourceTree = "<group>"; };
		B949089229BA1BC200B42BDE /* CalendarDateButton.swift */ = {isa = PBXFileReference; lastKnownFileType = sourcecode.swift; path = CalendarDateButton.swift; sourceTree = "<group>"; };
		B949089429BA1D8400B42BDE /* StoryHomeViewModel.swift */ = {isa = PBXFileReference; lastKnownFileType = sourcecode.swift; path = StoryHomeViewModel.swift; sourceTree = "<group>"; };
		B949089729BA1E4800B42BDE /* PostPreview.swift */ = {isa = PBXFileReference; lastKnownFileType = sourcecode.swift; path = PostPreview.swift; sourceTree = "<group>"; };
		B949089929BA21E400B42BDE /* ContentPreviewCell.swift */ = {isa = PBXFileReference; lastKnownFileType = sourcecode.swift; path = ContentPreviewCell.swift; sourceTree = "<group>"; };
		B94DBE032A37071C00884BF3 /* PostByCalendar.swift */ = {isa = PBXFileReference; lastKnownFileType = sourcecode.swift; path = PostByCalendar.swift; sourceTree = "<group>"; };
		B94DBE052A3751FE00884BF3 /* PostByCalendarRepository.swift */ = {isa = PBXFileReference; lastKnownFileType = sourcecode.swift; path = PostByCalendarRepository.swift; sourceTree = "<group>"; };
		B94DBE072A3752B300884BF3 /* GetPostByCalendarUseCase.swift */ = {isa = PBXFileReference; lastKnownFileType = sourcecode.swift; path = GetPostByCalendarUseCase.swift; sourceTree = "<group>"; };
		B94DBE092A3757B700884BF3 /* DummyPostByCalendarRepository.swift */ = {isa = PBXFileReference; lastKnownFileType = sourcecode.swift; path = DummyPostByCalendarRepository.swift; sourceTree = "<group>"; };
		B94DBE0B2A3758D500884BF3 /* DefaultPostByCalendarUseCase.swift */ = {isa = PBXFileReference; lastKnownFileType = sourcecode.swift; path = DefaultPostByCalendarUseCase.swift; sourceTree = "<group>"; };
		B94DBE0D2A379A9000884BF3 /* UIImage+Extension.swift */ = {isa = PBXFileReference; lastKnownFileType = sourcecode.swift; path = "UIImage+Extension.swift"; sourceTree = "<group>"; };
		B94DBE5D2A403AD200884BF3 /* PostingRepository.swift */ = {isa = PBXFileReference; lastKnownFileType = sourcecode.swift; path = PostingRepository.swift; sourceTree = "<group>"; };
		B94DBE5F2A403D1700884BF3 /* DummyPostingRepository.swift */ = {isa = PBXFileReference; lastKnownFileType = sourcecode.swift; path = DummyPostingRepository.swift; sourceTree = "<group>"; };
		B94DBE612A403DEC00884BF3 /* PostingUseCase.swift */ = {isa = PBXFileReference; lastKnownFileType = sourcecode.swift; path = PostingUseCase.swift; sourceTree = "<group>"; };
		B94DBE632A403E3900884BF3 /* DefaultPostingUseCase.swift */ = {isa = PBXFileReference; lastKnownFileType = sourcecode.swift; path = DefaultPostingUseCase.swift; sourceTree = "<group>"; };
		B96A35C029C35EE800AC685F /* StoryDTO.swift */ = {isa = PBXFileReference; lastKnownFileType = sourcecode.swift; path = StoryDTO.swift; sourceTree = "<group>"; };
		B96A35C229C35F8300AC685F /* StoryProvider.swift */ = {isa = PBXFileReference; lastKnownFileType = sourcecode.swift; path = StoryProvider.swift; sourceTree = "<group>"; };
		B96D82ED296EA7A900C29AA9 /* StoryPostViewController.swift */ = {isa = PBXFileReference; lastKnownFileType = sourcecode.swift; path = StoryPostViewController.swift; sourceTree = "<group>"; };
		B96D82F4296EF50900C29AA9 /* DateLabel.swift */ = {isa = PBXFileReference; lastKnownFileType = sourcecode.swift; path = DateLabel.swift; sourceTree = "<group>"; };
		B96D82F6296EFBE900C29AA9 /* PostPhotoView.swift */ = {isa = PBXFileReference; lastKnownFileType = sourcecode.swift; path = PostPhotoView.swift; sourceTree = "<group>"; };
		B97D44D729DB4A4F0033586B /* StoryCoordinator.swift */ = {isa = PBXFileReference; lastKnownFileType = sourcecode.swift; path = StoryCoordinator.swift; sourceTree = "<group>"; };
		B97D453829DD70610033586B /* StoryImages.swift */ = {isa = PBXFileReference; lastKnownFileType = sourcecode.swift; path = StoryImages.swift; sourceTree = "<group>"; };
		B97D453A29DD71240033586B /* Bundle+Extension.swift */ = {isa = PBXFileReference; lastKnownFileType = sourcecode.swift; path = "Bundle+Extension.swift"; sourceTree = "<group>"; };
		B97D453C29DD718B0033586B /* Assets.xcassets */ = {isa = PBXFileReference; lastKnownFileType = folder.assetcatalog; path = Assets.xcassets; sourceTree = "<group>"; };
		B97F966C29FFD1F7004EDC15 /* StickerPickerView.swift */ = {isa = PBXFileReference; lastKnownFileType = sourcecode.swift; path = StickerPickerView.swift; sourceTree = "<group>"; };
		B97F966E29FFD6C6004EDC15 /* StickerViewCell.swift */ = {isa = PBXFileReference; lastKnownFileType = sourcecode.swift; path = StickerViewCell.swift; sourceTree = "<group>"; };
		B97F967029FFEC8A004EDC15 /* Stickers.swift */ = {isa = PBXFileReference; lastKnownFileType = sourcecode.swift; path = Stickers.swift; sourceTree = "<group>"; };
		B9BA94DE2A2DD3B200418AF0 /* DefaultPostByRegionRepository.swift */ = {isa = PBXFileReference; lastKnownFileType = sourcecode.swift; path = DefaultPostByRegionRepository.swift; sourceTree = "<group>"; };
		B9BA94E12A2DD4FD00418AF0 /* PostByRegionRepository.swift */ = {isa = PBXFileReference; lastKnownFileType = sourcecode.swift; path = PostByRegionRepository.swift; sourceTree = "<group>"; };
		B9BA94E52A2DD85000418AF0 /* PostByRegion.swift */ = {isa = PBXFileReference; lastKnownFileType = sourcecode.swift; path = PostByRegion.swift; sourceTree = "<group>"; };
		B9BA94E82A2DD9FF00418AF0 /* StoryNetworkManager.swift */ = {isa = PBXFileReference; lastKnownFileType = sourcecode.swift; path = StoryNetworkManager.swift; sourceTree = "<group>"; };
		B9BA94EB2A2DDD1200418AF0 /* PostByRegionDTO.swift */ = {isa = PBXFileReference; lastKnownFileType = sourcecode.swift; path = PostByRegionDTO.swift; sourceTree = "<group>"; };
		B9BA94ED2A2DE00000418AF0 /* DummyPostByRegionRepository.swift */ = {isa = PBXFileReference; lastKnownFileType = sourcecode.swift; path = DummyPostByRegionRepository.swift; sourceTree = "<group>"; };
		B9BA94F02A2DE2B100418AF0 /* GetPostByRegionUseCase.swift */ = {isa = PBXFileReference; lastKnownFileType = sourcecode.swift; path = GetPostByRegionUseCase.swift; sourceTree = "<group>"; };
		B9BA94F32A2DE4AE00418AF0 /* DefaultPostByRegionUsecase.swift */ = {isa = PBXFileReference; lastKnownFileType = sourcecode.swift; path = DefaultPostByRegionUsecase.swift; sourceTree = "<group>"; };
		B9BA94F52A2DFB1900418AF0 /* CustomCollectionViewHeader.swift */ = {isa = PBXFileReference; lastKnownFileType = sourcecode.swift; path = CustomCollectionViewHeader.swift; sourceTree = "<group>"; };
		B9BE5A68292387FD00E82CFB /* Story.framework */ = {isa = PBXFileReference; explicitFileType = wrapper.framework; includeInIndex = 0; path = Story.framework; sourceTree = BUILT_PRODUCTS_DIR; };
		B9BE5A6B292387FD00E82CFB /* Story.h */ = {isa = PBXFileReference; lastKnownFileType = sourcecode.c.h; path = Story.h; sourceTree = "<group>"; };
		B9BE5A762923884100E82CFB /* StoryHomeViewController.swift */ = {isa = PBXFileReference; lastKnownFileType = sourcecode.swift; path = StoryHomeViewController.swift; sourceTree = "<group>"; };
/* End PBXFileReference section */

/* Begin PBXFrameworksBuildPhase section */
		B9BE5A65292387FD00E82CFB /* Frameworks */ = {
			isa = PBXFrameworksBuildPhase;
			buildActionMask = 2147483647;
			files = (
				B949088129B4C45B00B42BDE /* Common.framework in Frameworks */,
				277FFBB902267ECE88187A24 /* Pods_Story.framework in Frameworks */,
			);
			runOnlyForDeploymentPostprocessing = 0;
		};
/* End PBXFrameworksBuildPhase section */

/* Begin PBXGroup section */
		82E5DDFA21A97D6386728CCD /* Pods */ = {
			isa = PBXGroup;
			children = (
				4332A94F8F73D9B6CAF89894 /* Pods-Story.debug.xcconfig */,
				48A9566EF5CEDDB22CC0D217 /* Pods-Story.release.xcconfig */,
			);
			name = Pods;
			path = ../Pods;
			sourceTree = "<group>";
		};
		B919E1E829ED50D2004A7BBB /* Protocol */ = {
			isa = PBXGroup;
			children = (
				B919E1E929ED50EB004A7BBB /* CalendarDateButtonDelegate.swift */,
			);
			path = Protocol;
			sourceTree = "<group>";
		};
		B949083029AF4FAC00B42BDE /* ViewModel */ = {
			isa = PBXGroup;
			children = (
				B949089429BA1D8400B42BDE /* StoryHomeViewModel.swift */,
				B949083129AF4FCE00B42BDE /* StoryPostViewModel.swift */,
				B919E1EB29ED62BA004A7BBB /* CalendarViewModel.swift */,
			);
			path = ViewModel;
			sourceTree = "<group>";
		};
		B949087B29B4C01900B42BDE /* Home */ = {
			isa = PBXGroup;
			children = (
				B9BE5A762923884100E82CFB /* StoryHomeViewController.swift */,
				B949083529AF779000B42BDE /* FeedtableView.swift */,
				B949083329AF714400B42BDE /* FeedCell.swift */,
				B949089929BA21E400B42BDE /* ContentPreviewCell.swift */,
				B9BA94F52A2DFB1900418AF0 /* CustomCollectionViewHeader.swift */,
			);
			path = Home;
			sourceTree = "<group>";
		};
		B949087C29B4C02B00B42BDE /* Calendar */ = {
			isa = PBXGroup;
			children = (
				B919E1E829ED50D2004A7BBB /* Protocol */,
				B949087E29B4C0E200B42BDE /* CalenderViewController.swift */,
				B949088729B5D62E00B42BDE /* CalendarCollectionViewCell.swift */,
				B949089229BA1BC200B42BDE /* CalendarDateButton.swift */,
			);
			path = Calendar;
			sourceTree = "<group>";
		};
		B949087D29B4C03F00B42BDE /* Post */ = {
			isa = PBXGroup;
			children = (
				B949082A29AF3E6D00B42BDE /* StoryPostEnterInfoView.swift */,
				B949082C29AF3F3600B42BDE /* CustomLocationPicker.swift */,
				B949082E29AF4C5D00B42BDE /* StoryPostWriteContentView.swift */,
				B97F966C29FFD1F7004EDC15 /* StickerPickerView.swift */,
				B97F966E29FFD6C6004EDC15 /* StickerViewCell.swift */,
				B96D82F6296EFBE900C29AA9 /* PostPhotoView.swift */,
				B96D82ED296EA7A900C29AA9 /* StoryPostViewController.swift */,
			);
			path = Post;
			sourceTree = "<group>";
		};
		B949089629BA1E3600B42BDE /* Model */ = {
			isa = PBXGroup;
			children = (
				B949089729BA1E4800B42BDE /* PostPreview.swift */,
				B9BA94E52A2DD85000418AF0 /* PostByRegion.swift */,
				B94DBE032A37071C00884BF3 /* PostByCalendar.swift */,
			);
			name = Model;
			path = ../Model;
			sourceTree = "<group>";
		};
		B96D82EF296EAC8400C29AA9 /* Frameworks */ = {
			isa = PBXGroup;
			children = (
				B949088029B4C45B00B42BDE /* Common.framework */,
				519625ECFD770641EE6F8DA7 /* Pods_Story.framework */,
			);
			name = Frameworks;
			sourceTree = "<group>";
		};
		B97D44D629DB4A3B0033586B /* Coordinator */ = {
			isa = PBXGroup;
			children = (
				B97D44D729DB4A4F0033586B /* StoryCoordinator.swift */,
			);
			path = Coordinator;
			sourceTree = "<group>";
		};
		B97D453429DD70290033586B /* Resource */ = {
			isa = PBXGroup;
			children = (
				B97D453C29DD718B0033586B /* Assets.xcassets */,
			);
			path = Resource;
			sourceTree = "<group>";
		};
		B97D453529DD702E0033586B /* Source */ = {
			isa = PBXGroup;
			children = (
				B97D453729DD70400033586B /* Extension */,
				B97D453629DD70370033586B /* Constant */,
			);
			path = Source;
			sourceTree = "<group>";
		};
		B97D453629DD70370033586B /* Constant */ = {
			isa = PBXGroup;
			children = (
				B97D453829DD70610033586B /* StoryImages.swift */,
				B97F967029FFEC8A004EDC15 /* Stickers.swift */,
			);
			path = Constant;
			sourceTree = "<group>";
		};
		B97D453729DD70400033586B /* Extension */ = {
			isa = PBXGroup;
			children = (
				B97D453A29DD71240033586B /* Bundle+Extension.swift */,
				B94DBE0D2A379A9000884BF3 /* UIImage+Extension.swift */,
			);
			path = Extension;
			sourceTree = "<group>";
		};
		B9BA94DC2A2DD29500418AF0 /* Repository */ = {
			isa = PBXGroup;
			children = (
				B9BA94E02A2DD3EB00418AF0 /* Protocol */,
				B9BA94DE2A2DD3B200418AF0 /* DefaultPostByRegionRepository.swift */,
				B9BA94ED2A2DE00000418AF0 /* DummyPostByRegionRepository.swift */,
				B94DBE092A3757B700884BF3 /* DummyPostByCalendarRepository.swift */,
			);
			path = Repository;
			sourceTree = "<group>";
		};
		B9BA94E02A2DD3EB00418AF0 /* Protocol */ = {
			isa = PBXGroup;
			children = (
				B9BA94E12A2DD4FD00418AF0 /* PostByRegionRepository.swift */,
				B94DBE052A3751FE00884BF3 /* PostByCalendarRepository.swift */,
				B94DBE5D2A403AD200884BF3 /* PostingRepository.swift */,
				B94DBE5F2A403D1700884BF3 /* DummyPostingRepository.swift */,
			);
			path = Protocol;
			sourceTree = "<group>";
		};
		B9BA94E32A2DD79D00418AF0 /* Domain */ = {
			isa = PBXGroup;
			children = (
				B949089629BA1E3600B42BDE /* Model */,
				B9BA94EF2A2DE28500418AF0 /* UseCase */,
			);
			path = Domain;
			sourceTree = "<group>";
		};
		B9BA94E72A2DD9F000418AF0 /* Network */ = {
			isa = PBXGroup;
			children = (
				B9BA94EA2A2DDD0400418AF0 /* DTO */,
				B96A35C229C35F8300AC685F /* StoryProvider.swift */,
				B9BA94E82A2DD9FF00418AF0 /* StoryNetworkManager.swift */,
			);
			path = Network;
			sourceTree = "<group>";
		};
		B9BA94EA2A2DDD0400418AF0 /* DTO */ = {
			isa = PBXGroup;
			children = (
				B96A35C029C35EE800AC685F /* StoryDTO.swift */,
				B9BA94EB2A2DDD1200418AF0 /* PostByRegionDTO.swift */,
			);
			path = DTO;
			sourceTree = "<group>";
		};
		B9BA94EF2A2DE28500418AF0 /* UseCase */ = {
			isa = PBXGroup;
			children = (
				B9BA94F22A2DE2D200418AF0 /* Protocol */,
				B9BA94F32A2DE4AE00418AF0 /* DefaultPostByRegionUsecase.swift */,
				B94DBE632A403E3900884BF3 /* DefaultPostingUseCase.swift */,
				B94DBE0B2A3758D500884BF3 /* DefaultPostByCalendarUseCase.swift */,
			);
			path = UseCase;
			sourceTree = "<group>";
		};
		B9BA94F22A2DE2D200418AF0 /* Protocol */ = {
			isa = PBXGroup;
			children = (
				B9BA94F02A2DE2B100418AF0 /* GetPostByRegionUseCase.swift */,
				B94DBE072A3752B300884BF3 /* GetPostByCalendarUseCase.swift */,
				B94DBE612A403DEC00884BF3 /* PostingUseCase.swift */,
			);
			path = Protocol;
			sourceTree = "<group>";
		};
		B9BA94F72A2E293C00418AF0 /* Presentation */ = {
			isa = PBXGroup;
			children = (
				B97D44D629DB4A3B0033586B /* Coordinator */,
				B9BE5A752923883700E82CFB /* View */,
				B949083029AF4FAC00B42BDE /* ViewModel */,
			);
			path = Presentation;
			sourceTree = "<group>";
		};
		B9BE5A5E292387FD00E82CFB = {
			isa = PBXGroup;
			children = (
				B9BE5A6A292387FD00E82CFB /* Story */,
				B9BE5A69292387FD00E82CFB /* Products */,
				B96D82EF296EAC8400C29AA9 /* Frameworks */,
				82E5DDFA21A97D6386728CCD /* Pods */,
			);
			sourceTree = "<group>";
		};
		B9BE5A69292387FD00E82CFB /* Products */ = {
			isa = PBXGroup;
			children = (
				B9BE5A68292387FD00E82CFB /* Story.framework */,
			);
			name = Products;
			sourceTree = "<group>";
		};
		B9BE5A6A292387FD00E82CFB /* Story */ = {
			isa = PBXGroup;
			children = (
				B9BE5A6B292387FD00E82CFB /* Story.h */,
				B9BA94F72A2E293C00418AF0 /* Presentation */,
				B9BA94E32A2DD79D00418AF0 /* Domain */,
				B9BA94DC2A2DD29500418AF0 /* Repository */,
				B9BA94E72A2DD9F000418AF0 /* Network */,
				B97D453529DD702E0033586B /* Source */,
				B97D453429DD70290033586B /* Resource */,
			);
			path = Story;
			sourceTree = "<group>";
		};
		B9BE5A752923883700E82CFB /* View */ = {
			isa = PBXGroup;
			children = (
				B949087B29B4C01900B42BDE /* Home */,
				B949087C29B4C02B00B42BDE /* Calendar */,
				B949087D29B4C03F00B42BDE /* Post */,
				B96D82F4296EF50900C29AA9 /* DateLabel.swift */,
			);
			path = View;
			sourceTree = "<group>";
		};
/* End PBXGroup section */

/* Begin PBXHeadersBuildPhase section */
		B9BE5A63292387FD00E82CFB /* Headers */ = {
			isa = PBXHeadersBuildPhase;
			buildActionMask = 2147483647;
			files = (
				B9BE5A6C292387FD00E82CFB /* Story.h in Headers */,
			);
			runOnlyForDeploymentPostprocessing = 0;
		};
/* End PBXHeadersBuildPhase section */

/* Begin PBXNativeTarget section */
		B9BE5A67292387FD00E82CFB /* Story */ = {
			isa = PBXNativeTarget;
			buildConfigurationList = B9BE5A6F292387FD00E82CFB /* Build configuration list for PBXNativeTarget "Story" */;
			buildPhases = (
				88DE8C38D1AE0066CCA44958 /* [CP] Check Pods Manifest.lock */,
				B9BE5A63292387FD00E82CFB /* Headers */,
				B9BE5A64292387FD00E82CFB /* Sources */,
				B9BE5A65292387FD00E82CFB /* Frameworks */,
				B9BE5A66292387FD00E82CFB /* Resources */,
				B96D82F3296EAC8400C29AA9 /* Embed Frameworks */,
			);
			buildRules = (
			);
			dependencies = (
			);
			name = Story;
			productName = Story;
			productReference = B9BE5A68292387FD00E82CFB /* Story.framework */;
			productType = "com.apple.product-type.framework";
		};
/* End PBXNativeTarget section */

/* Begin PBXProject section */
		B9BE5A5F292387FD00E82CFB /* Project object */ = {
			isa = PBXProject;
			attributes = {
				BuildIndependentTargetsInParallel = 1;
				LastUpgradeCheck = 1410;
				TargetAttributes = {
					B9BE5A67292387FD00E82CFB = {
						CreatedOnToolsVersion = 14.1;
						LastSwiftMigration = 1410;
					};
				};
			};
			buildConfigurationList = B9BE5A62292387FD00E82CFB /* Build configuration list for PBXProject "Story" */;
			compatibilityVersion = "Xcode 14.0";
			developmentRegion = en;
			hasScannedForEncodings = 0;
			knownRegions = (
				en,
				Base,
			);
			mainGroup = B9BE5A5E292387FD00E82CFB;
			productRefGroup = B9BE5A69292387FD00E82CFB /* Products */;
			projectDirPath = "";
			projectRoot = "";
			targets = (
				B9BE5A67292387FD00E82CFB /* Story */,
			);
		};
/* End PBXProject section */

/* Begin PBXResourcesBuildPhase section */
		B9BE5A66292387FD00E82CFB /* Resources */ = {
			isa = PBXResourcesBuildPhase;
			buildActionMask = 2147483647;
			files = (
				B97D453D29DD718B0033586B /* Assets.xcassets in Resources */,
			);
			runOnlyForDeploymentPostprocessing = 0;
		};
/* End PBXResourcesBuildPhase section */

/* Begin PBXShellScriptBuildPhase section */
		88DE8C38D1AE0066CCA44958 /* [CP] Check Pods Manifest.lock */ = {
			isa = PBXShellScriptBuildPhase;
			buildActionMask = 2147483647;
			files = (
			);
			inputFileListPaths = (
			);
			inputPaths = (
				"${PODS_PODFILE_DIR_PATH}/Podfile.lock",
				"${PODS_ROOT}/Manifest.lock",
			);
			name = "[CP] Check Pods Manifest.lock";
			outputFileListPaths = (
			);
			outputPaths = (
				"$(DERIVED_FILE_DIR)/Pods-Story-checkManifestLockResult.txt",
			);
			runOnlyForDeploymentPostprocessing = 0;
			shellPath = /bin/sh;
			shellScript = "diff \"${PODS_PODFILE_DIR_PATH}/Podfile.lock\" \"${PODS_ROOT}/Manifest.lock\" > /dev/null\nif [ $? != 0 ] ; then\n    # print error to STDERR\n    echo \"error: The sandbox is not in sync with the Podfile.lock. Run 'pod install' or update your CocoaPods installation.\" >&2\n    exit 1\nfi\n# This output is used by Xcode 'outputs' to avoid re-running this script phase.\necho \"SUCCESS\" > \"${SCRIPT_OUTPUT_FILE_0}\"\n";
			showEnvVarsInLog = 0;
		};
/* End PBXShellScriptBuildPhase section */

/* Begin PBXSourcesBuildPhase section */
		B9BE5A64292387FD00E82CFB /* Sources */ = {
			isa = PBXSourcesBuildPhase;
			buildActionMask = 2147483647;
			files = (
				B9BA94F42A2DE4AE00418AF0 /* DefaultPostByRegionUsecase.swift in Sources */,
				B949089A29BA21E400B42BDE /* ContentPreviewCell.swift in Sources */,
				B9BA94F12A2DE2B100418AF0 /* GetPostByRegionUseCase.swift in Sources */,
				B97D453B29DD71240033586B /* Bundle+Extension.swift in Sources */,
				B949088829B5D62E00B42BDE /* CalendarCollectionViewCell.swift in Sources */,
				B94DBE062A3751FE00884BF3 /* PostByCalendarRepository.swift in Sources */,
				B96D82EE296EA7A900C29AA9 /* StoryPostViewController.swift in Sources */,
				B919E1EA29ED50EB004A7BBB /* CalendarDateButtonDelegate.swift in Sources */,
				B919E1EC29ED62BA004A7BBB /* CalendarViewModel.swift in Sources */,
				B94DBE642A403E3900884BF3 /* DefaultPostingUseCase.swift in Sources */,
				B949083229AF4FCE00B42BDE /* StoryPostViewModel.swift in Sources */,
				B9BA94EE2A2DE00000418AF0 /* DummyPostByRegionRepository.swift in Sources */,
				B94DBE0A2A3757B700884BF3 /* DummyPostByCalendarRepository.swift in Sources */,
				B949087F29B4C0E200B42BDE /* CalenderViewController.swift in Sources */,
				B9BA94EC2A2DDD1200418AF0 /* PostByRegionDTO.swift in Sources */,
				B94DBE082A3752B300884BF3 /* GetPostByCalendarUseCase.swift in Sources */,
				B9BA94E62A2DD85000418AF0 /* PostByRegion.swift in Sources */,
				B97F966D29FFD1F7004EDC15 /* StickerPickerView.swift in Sources */,
				B949082D29AF3F3600B42BDE /* CustomLocationPicker.swift in Sources */,
				B97F966F29FFD6C6004EDC15 /* StickerViewCell.swift in Sources */,
				B96A35C329C35F8300AC685F /* StoryProvider.swift in Sources */,
				B949089529BA1D8400B42BDE /* StoryHomeViewModel.swift in Sources */,
				B9BA94DF2A2DD3B200418AF0 /* DefaultPostByRegionRepository.swift in Sources */,
				B949089329BA1BC200B42BDE /* CalendarDateButton.swift in Sources */,
				B9BA94E92A2DD9FF00418AF0 /* StoryNetworkManager.swift in Sources */,
				B96D82F7296EFBE900C29AA9 /* PostPhotoView.swift in Sources */,
				B949089829BA1E4800B42BDE /* PostPreview.swift in Sources */,
				B94DBE5E2A403AD200884BF3 /* PostingRepository.swift in Sources */,
				B9BE5A772923884100E82CFB /* StoryHomeViewController.swift in Sources */,
				B949083629AF779000B42BDE /* FeedtableView.swift in Sources */,
				B97D44D829DB4A4F0033586B /* StoryCoordinator.swift in Sources */,
				B94DBE0E2A379A9000884BF3 /* UIImage+Extension.swift in Sources */,
				B97F967129FFEC8A004EDC15 /* Stickers.swift in Sources */,
				B9BA94E22A2DD4FD00418AF0 /* PostByRegionRepository.swift in Sources */,
				B94DBE602A403D1700884BF3 /* DummyPostingRepository.swift in Sources */,
				B96D82F5296EF50900C29AA9 /* DateLabel.swift in Sources */,
				B949082B29AF3E6D00B42BDE /* StoryPostEnterInfoView.swift in Sources */,
				B97D453929DD70610033586B /* StoryImages.swift in Sources */,
				B949082F29AF4C5D00B42BDE /* StoryPostWriteContentView.swift in Sources */,
				B949083429AF714400B42BDE /* FeedCell.swift in Sources */,
				B96A35C129C35EE800AC685F /* StoryDTO.swift in Sources */,
				B94DBE622A403DEC00884BF3 /* PostingUseCase.swift in Sources */,
				B94DBE042A37071C00884BF3 /* PostByCalendar.swift in Sources */,
				B94DBE0C2A3758D500884BF3 /* DefaultPostByCalendarUseCase.swift in Sources */,
				B9BA94F62A2DFB1900418AF0 /* CustomCollectionViewHeader.swift in Sources */,
			);
			runOnlyForDeploymentPostprocessing = 0;
		};
/* End PBXSourcesBuildPhase section */

/* Begin XCBuildConfiguration section */
		B9BE5A6D292387FD00E82CFB /* Debug */ = {
			isa = XCBuildConfiguration;
			buildSettings = {
				ALWAYS_SEARCH_USER_PATHS = NO;
				CLANG_ANALYZER_NONNULL = YES;
				CLANG_ANALYZER_NUMBER_OBJECT_CONVERSION = YES_AGGRESSIVE;
				CLANG_CXX_LANGUAGE_STANDARD = "gnu++20";
				CLANG_ENABLE_MODULES = YES;
				CLANG_ENABLE_OBJC_ARC = YES;
				CLANG_ENABLE_OBJC_WEAK = YES;
				CLANG_WARN_BLOCK_CAPTURE_AUTORELEASING = YES;
				CLANG_WARN_BOOL_CONVERSION = YES;
				CLANG_WARN_COMMA = YES;
				CLANG_WARN_CONSTANT_CONVERSION = YES;
				CLANG_WARN_DEPRECATED_OBJC_IMPLEMENTATIONS = YES;
				CLANG_WARN_DIRECT_OBJC_ISA_USAGE = YES_ERROR;
				CLANG_WARN_DOCUMENTATION_COMMENTS = YES;
				CLANG_WARN_EMPTY_BODY = YES;
				CLANG_WARN_ENUM_CONVERSION = YES;
				CLANG_WARN_INFINITE_RECURSION = YES;
				CLANG_WARN_INT_CONVERSION = YES;
				CLANG_WARN_NON_LITERAL_NULL_CONVERSION = YES;
				CLANG_WARN_OBJC_IMPLICIT_RETAIN_SELF = YES;
				CLANG_WARN_OBJC_LITERAL_CONVERSION = YES;
				CLANG_WARN_OBJC_ROOT_CLASS = YES_ERROR;
				CLANG_WARN_QUOTED_INCLUDE_IN_FRAMEWORK_HEADER = YES;
				CLANG_WARN_RANGE_LOOP_ANALYSIS = YES;
				CLANG_WARN_STRICT_PROTOTYPES = YES;
				CLANG_WARN_SUSPICIOUS_MOVE = YES;
				CLANG_WARN_UNGUARDED_AVAILABILITY = YES_AGGRESSIVE;
				CLANG_WARN_UNREACHABLE_CODE = YES;
				CLANG_WARN__DUPLICATE_METHOD_MATCH = YES;
				COPY_PHASE_STRIP = NO;
				CURRENT_PROJECT_VERSION = 1;
				DEBUG_INFORMATION_FORMAT = dwarf;
				ENABLE_STRICT_OBJC_MSGSEND = YES;
				ENABLE_TESTABILITY = YES;
				GCC_C_LANGUAGE_STANDARD = gnu11;
				GCC_DYNAMIC_NO_PIC = NO;
				GCC_NO_COMMON_BLOCKS = YES;
				GCC_OPTIMIZATION_LEVEL = 0;
				GCC_PREPROCESSOR_DEFINITIONS = (
					"DEBUG=1",
					"$(inherited)",
				);
				GCC_WARN_64_TO_32_BIT_CONVERSION = YES;
				GCC_WARN_ABOUT_RETURN_TYPE = YES_ERROR;
				GCC_WARN_UNDECLARED_SELECTOR = YES;
				GCC_WARN_UNINITIALIZED_AUTOS = YES_AGGRESSIVE;
				GCC_WARN_UNUSED_FUNCTION = YES;
				GCC_WARN_UNUSED_VARIABLE = YES;
				IPHONEOS_DEPLOYMENT_TARGET = 14.0;
				MTL_ENABLE_DEBUG_INFO = INCLUDE_SOURCE;
				MTL_FAST_MATH = YES;
				ONLY_ACTIVE_ARCH = YES;
				SDKROOT = iphoneos;
				SWIFT_ACTIVE_COMPILATION_CONDITIONS = DEBUG;
				SWIFT_OPTIMIZATION_LEVEL = "-Onone";
				VERSIONING_SYSTEM = "apple-generic";
				VERSION_INFO_PREFIX = "";
			};
			name = Debug;
		};
		B9BE5A6E292387FD00E82CFB /* Release */ = {
			isa = XCBuildConfiguration;
			buildSettings = {
				ALWAYS_SEARCH_USER_PATHS = NO;
				CLANG_ANALYZER_NONNULL = YES;
				CLANG_ANALYZER_NUMBER_OBJECT_CONVERSION = YES_AGGRESSIVE;
				CLANG_CXX_LANGUAGE_STANDARD = "gnu++20";
				CLANG_ENABLE_MODULES = YES;
				CLANG_ENABLE_OBJC_ARC = YES;
				CLANG_ENABLE_OBJC_WEAK = YES;
				CLANG_WARN_BLOCK_CAPTURE_AUTORELEASING = YES;
				CLANG_WARN_BOOL_CONVERSION = YES;
				CLANG_WARN_COMMA = YES;
				CLANG_WARN_CONSTANT_CONVERSION = YES;
				CLANG_WARN_DEPRECATED_OBJC_IMPLEMENTATIONS = YES;
				CLANG_WARN_DIRECT_OBJC_ISA_USAGE = YES_ERROR;
				CLANG_WARN_DOCUMENTATION_COMMENTS = YES;
				CLANG_WARN_EMPTY_BODY = YES;
				CLANG_WARN_ENUM_CONVERSION = YES;
				CLANG_WARN_INFINITE_RECURSION = YES;
				CLANG_WARN_INT_CONVERSION = YES;
				CLANG_WARN_NON_LITERAL_NULL_CONVERSION = YES;
				CLANG_WARN_OBJC_IMPLICIT_RETAIN_SELF = YES;
				CLANG_WARN_OBJC_LITERAL_CONVERSION = YES;
				CLANG_WARN_OBJC_ROOT_CLASS = YES_ERROR;
				CLANG_WARN_QUOTED_INCLUDE_IN_FRAMEWORK_HEADER = YES;
				CLANG_WARN_RANGE_LOOP_ANALYSIS = YES;
				CLANG_WARN_STRICT_PROTOTYPES = YES;
				CLANG_WARN_SUSPICIOUS_MOVE = YES;
				CLANG_WARN_UNGUARDED_AVAILABILITY = YES_AGGRESSIVE;
				CLANG_WARN_UNREACHABLE_CODE = YES;
				CLANG_WARN__DUPLICATE_METHOD_MATCH = YES;
				COPY_PHASE_STRIP = NO;
				CURRENT_PROJECT_VERSION = 1;
				DEBUG_INFORMATION_FORMAT = "dwarf-with-dsym";
				ENABLE_NS_ASSERTIONS = NO;
				ENABLE_STRICT_OBJC_MSGSEND = YES;
				GCC_C_LANGUAGE_STANDARD = gnu11;
				GCC_NO_COMMON_BLOCKS = YES;
				GCC_WARN_64_TO_32_BIT_CONVERSION = YES;
				GCC_WARN_ABOUT_RETURN_TYPE = YES_ERROR;
				GCC_WARN_UNDECLARED_SELECTOR = YES;
				GCC_WARN_UNINITIALIZED_AUTOS = YES_AGGRESSIVE;
				GCC_WARN_UNUSED_FUNCTION = YES;
				GCC_WARN_UNUSED_VARIABLE = YES;
				IPHONEOS_DEPLOYMENT_TARGET = 14.0;
				MTL_ENABLE_DEBUG_INFO = NO;
				MTL_FAST_MATH = YES;
				SDKROOT = iphoneos;
				SWIFT_COMPILATION_MODE = wholemodule;
				SWIFT_OPTIMIZATION_LEVEL = "-O";
				VALIDATE_PRODUCT = YES;
				VERSIONING_SYSTEM = "apple-generic";
				VERSION_INFO_PREFIX = "";
			};
			name = Release;
		};
		B9BE5A70292387FD00E82CFB /* Debug */ = {
			isa = XCBuildConfiguration;
			baseConfigurationReference = 4332A94F8F73D9B6CAF89894 /* Pods-Story.debug.xcconfig */;
			buildSettings = {
				CLANG_ENABLE_MODULES = YES;
				CODE_SIGN_STYLE = Automatic;
				CURRENT_PROJECT_VERSION = 1;
				DEFINES_MODULE = YES;
				DEVELOPMENT_TEAM = PF6QF5WXTK;
				DYLIB_COMPATIBILITY_VERSION = 1;
				DYLIB_CURRENT_VERSION = 1;
				DYLIB_INSTALL_NAME_BASE = "@rpath";
				GENERATE_INFOPLIST_FILE = YES;
				INFOPLIST_KEY_NSHumanReadableCopyright = "";
				INSTALL_PATH = "$(LOCAL_LIBRARY_DIR)/Frameworks";
				IPHONEOS_DEPLOYMENT_TARGET = 14.0;
				LD_RUNPATH_SEARCH_PATHS = (
					"$(inherited)",
					"@executable_path/Frameworks",
					"@loader_path/Frameworks",
				);
				MARKETING_VERSION = 1.0;
				PRODUCT_BUNDLE_IDENTIFIER = com.mineme.ios.Story;
				PRODUCT_NAME = "$(TARGET_NAME:c99extidentifier)";
				SKIP_INSTALL = YES;
				SWIFT_EMIT_LOC_STRINGS = YES;
				SWIFT_OPTIMIZATION_LEVEL = "-Onone";
				SWIFT_VERSION = 5.0;
				TARGETED_DEVICE_FAMILY = "1,2";
			};
			name = Debug;
		};
		B9BE5A71292387FD00E82CFB /* Release */ = {
			isa = XCBuildConfiguration;
			baseConfigurationReference = 48A9566EF5CEDDB22CC0D217 /* Pods-Story.release.xcconfig */;
			buildSettings = {
				CLANG_ENABLE_MODULES = YES;
				CODE_SIGN_STYLE = Automatic;
				CURRENT_PROJECT_VERSION = 1;
				DEFINES_MODULE = YES;
				DEVELOPMENT_TEAM = PF6QF5WXTK;
				DYLIB_COMPATIBILITY_VERSION = 1;
				DYLIB_CURRENT_VERSION = 1;
				DYLIB_INSTALL_NAME_BASE = "@rpath";
				GENERATE_INFOPLIST_FILE = YES;
				INFOPLIST_KEY_NSHumanReadableCopyright = "";
				INSTALL_PATH = "$(LOCAL_LIBRARY_DIR)/Frameworks";
				IPHONEOS_DEPLOYMENT_TARGET = 14.0;
				LD_RUNPATH_SEARCH_PATHS = (
					"$(inherited)",
					"@executable_path/Frameworks",
					"@loader_path/Frameworks",
				);
				MARKETING_VERSION = 1.0;
				PRODUCT_BUNDLE_IDENTIFIER = com.mineme.ios.Story;
				PRODUCT_NAME = "$(TARGET_NAME:c99extidentifier)";
				SKIP_INSTALL = YES;
				SWIFT_EMIT_LOC_STRINGS = YES;
				SWIFT_VERSION = 5.0;
				TARGETED_DEVICE_FAMILY = "1,2";
			};
			name = Release;
		};
/* End XCBuildConfiguration section */

/* Begin XCConfigurationList section */
		B9BE5A62292387FD00E82CFB /* Build configuration list for PBXProject "Story" */ = {
			isa = XCConfigurationList;
			buildConfigurations = (
				B9BE5A6D292387FD00E82CFB /* Debug */,
				B9BE5A6E292387FD00E82CFB /* Release */,
			);
			defaultConfigurationIsVisible = 0;
			defaultConfigurationName = Release;
		};
		B9BE5A6F292387FD00E82CFB /* Build configuration list for PBXNativeTarget "Story" */ = {
			isa = XCConfigurationList;
			buildConfigurations = (
				B9BE5A70292387FD00E82CFB /* Debug */,
				B9BE5A71292387FD00E82CFB /* Release */,
			);
			defaultConfigurationIsVisible = 0;
			defaultConfigurationName = Release;
		};
/* End XCConfigurationList section */
	};
	rootObject = B9BE5A5F292387FD00E82CFB /* Project object */;
}
