// !$*UTF8*$!
{
	archiveVersion = 1;
	classes = {
	};
	objectVersion = 56;
	objects = {

/* Begin PBXBuildFile section */
		A453AA945F93C2E82D6E9B04 /* Pods_MinemeApp.framework in Frameworks */ = {isa = PBXBuildFile; fileRef = 6142CDB25D79F7A284EFC470 /* Pods_MinemeApp.framework */; };
		B92411D829D48373006DC123 /* SplashViewController.swift in Sources */ = {isa = PBXBuildFile; fileRef = B92411D729D48373006DC123 /* SplashViewController.swift */; };
		B95D6451299DFF4600BCA7E0 /* Login.framework in Frameworks */ = {isa = PBXBuildFile; fileRef = B95D6450299DFF4600BCA7E0 /* Login.framework */; };
		B95D6452299DFF4600BCA7E0 /* Login.framework in Embed Frameworks */ = {isa = PBXBuildFile; fileRef = B95D6450299DFF4600BCA7E0 /* Login.framework */; settings = {ATTRIBUTES = (CodeSignOnCopy, RemoveHeadersOnCopy, ); }; };
		B96A35E729D072F900AC685F /* Common.framework in Frameworks */ = {isa = PBXBuildFile; fileRef = B96A35E629D072F900AC685F /* Common.framework */; };
		B96A35E829D072F900AC685F /* Common.framework in Embed Frameworks */ = {isa = PBXBuildFile; fileRef = B96A35E629D072F900AC685F /* Common.framework */; settings = {ATTRIBUTES = (CodeSignOnCopy, RemoveHeadersOnCopy, ); }; };
		B97D44C929DB23AF0033586B /* SplashViewModel.swift in Sources */ = {isa = PBXBuildFile; fileRef = B97D44C829DB23AF0033586B /* SplashViewModel.swift */; };
		B97D44CF29DB3B610033586B /* AppCoordinator.swift in Sources */ = {isa = PBXBuildFile; fileRef = B97D44CE29DB3B610033586B /* AppCoordinator.swift */; };
		B97D44D529DB40530033586B /* DefaultAppCoordinator.swift in Sources */ = {isa = PBXBuildFile; fileRef = B97D44D429DB40530033586B /* DefaultAppCoordinator.swift */; };
		B97D44DE29DB4DAD0033586B /* TabBarControllerDelegate.swift in Sources */ = {isa = PBXBuildFile; fileRef = B97D44DD29DB4DAD0033586B /* TabBarControllerDelegate.swift */; };
		B97D44EB29DBFE920033586B /* DefaultTabBarCoordinator.swift in Sources */ = {isa = PBXBuildFile; fileRef = B97D44EA29DBFE920033586B /* DefaultTabBarCoordinator.swift */; };
		B97D44EE29DC00C90033586B /* TabBarItemType.swift in Sources */ = {isa = PBXBuildFile; fileRef = B97D44ED29DC00C90033586B /* TabBarItemType.swift */; };
		B9BE5A732923881A00E82CFB /* Story.framework in Frameworks */ = {isa = PBXBuildFile; fileRef = B9BE5A722923881A00E82CFB /* Story.framework */; };
		B9BE5A742923881A00E82CFB /* Story.framework in Embed Frameworks */ = {isa = PBXBuildFile; fileRef = B9BE5A722923881A00E82CFB /* Story.framework */; settings = {ATTRIBUTES = (CodeSignOnCopy, RemoveHeadersOnCopy, ); }; };
		B9F11F84291696CC00CED4C1 /* AppDelegate.swift in Sources */ = {isa = PBXBuildFile; fileRef = B9F11F83291696CC00CED4C1 /* AppDelegate.swift */; };
		B9F11F86291696CC00CED4C1 /* SceneDelegate.swift in Sources */ = {isa = PBXBuildFile; fileRef = B9F11F85291696CC00CED4C1 /* SceneDelegate.swift */; };
		B9F11F88291696CC00CED4C1 /* TabBarController.swift in Sources */ = {isa = PBXBuildFile; fileRef = B9F11F87291696CC00CED4C1 /* TabBarController.swift */; };
		B9F11F8D291696CD00CED4C1 /* Assets.xcassets in Resources */ = {isa = PBXBuildFile; fileRef = B9F11F8C291696CD00CED4C1 /* Assets.xcassets */; };
		B9F11FBD2916B48200CED4C1 /* Home.framework in Frameworks */ = {isa = PBXBuildFile; fileRef = B9F11FBC2916B48200CED4C1 /* Home.framework */; };
		B9F11FBE2916B48200CED4C1 /* Home.framework in Embed Frameworks */ = {isa = PBXBuildFile; fileRef = B9F11FBC2916B48200CED4C1 /* Home.framework */; settings = {ATTRIBUTES = (CodeSignOnCopy, RemoveHeadersOnCopy, ); }; };
		B9F7A904293F632F00619054 /* Onboarding.framework in Frameworks */ = {isa = PBXBuildFile; fileRef = B9F7A903293F632F00619054 /* Onboarding.framework */; };
		B9F7A905293F632F00619054 /* Onboarding.framework in Embed Frameworks */ = {isa = PBXBuildFile; fileRef = B9F7A903293F632F00619054 /* Onboarding.framework */; settings = {ATTRIBUTES = (CodeSignOnCopy, RemoveHeadersOnCopy, ); }; };
		B9F7A915293F712B00619054 /* Color.xcassets in Resources */ = {isa = PBXBuildFile; fileRef = B9F7A914293F712B00619054 /* Color.xcassets */; };
		B9FDB7EF29361789002DB8B1 /* Setting.framework in Frameworks */ = {isa = PBXBuildFile; fileRef = B9FDB7EE29361789002DB8B1 /* Setting.framework */; };
		B9FDB7F029361789002DB8B1 /* Setting.framework in Embed Frameworks */ = {isa = PBXBuildFile; fileRef = B9FDB7EE29361789002DB8B1 /* Setting.framework */; settings = {ATTRIBUTES = (CodeSignOnCopy, RemoveHeadersOnCopy, ); }; };
/* End PBXBuildFile section */

/* Begin PBXCopyFilesBuildPhase section */
		B9F11FBF2916B48200CED4C1 /* Embed Frameworks */ = {
			isa = PBXCopyFilesBuildPhase;
			buildActionMask = 2147483647;
			dstPath = "";
			dstSubfolderSpec = 10;
			files = (
				B9BE5A742923881A00E82CFB /* Story.framework in Embed Frameworks */,
				B9F11FBE2916B48200CED4C1 /* Home.framework in Embed Frameworks */,
				B9FDB7F029361789002DB8B1 /* Setting.framework in Embed Frameworks */,
				B95D6452299DFF4600BCA7E0 /* Login.framework in Embed Frameworks */,
				B96A35E829D072F900AC685F /* Common.framework in Embed Frameworks */,
				B9F7A905293F632F00619054 /* Onboarding.framework in Embed Frameworks */,
			);
			name = "Embed Frameworks";
			runOnlyForDeploymentPostprocessing = 0;
		};
/* End PBXCopyFilesBuildPhase section */

/* Begin PBXFileReference section */
		13109AA53D33ADA4F6DFC96B /* Pods-MinemeApp.release.xcconfig */ = {isa = PBXFileReference; includeInIndex = 1; lastKnownFileType = text.xcconfig; name = "Pods-MinemeApp.release.xcconfig"; path = "Target Support Files/Pods-MinemeApp/Pods-MinemeApp.release.xcconfig"; sourceTree = "<group>"; };
		6142CDB25D79F7A284EFC470 /* Pods_MinemeApp.framework */ = {isa = PBXFileReference; explicitFileType = wrapper.framework; includeInIndex = 0; path = Pods_MinemeApp.framework; sourceTree = BUILT_PRODUCTS_DIR; };
		6E576BBC10B960B869A88707 /* Pods-MinemeApp.debug.xcconfig */ = {isa = PBXFileReference; includeInIndex = 1; lastKnownFileType = text.xcconfig; name = "Pods-MinemeApp.debug.xcconfig"; path = "Target Support Files/Pods-MinemeApp/Pods-MinemeApp.debug.xcconfig"; sourceTree = "<group>"; };
		B92411D729D48373006DC123 /* SplashViewController.swift */ = {isa = PBXFileReference; lastKnownFileType = sourcecode.swift; path = SplashViewController.swift; sourceTree = "<group>"; };
		B95D6450299DFF4600BCA7E0 /* Login.framework */ = {isa = PBXFileReference; explicitFileType = wrapper.framework; path = Login.framework; sourceTree = BUILT_PRODUCTS_DIR; };
		B96A35E629D072F900AC685F /* Common.framework */ = {isa = PBXFileReference; explicitFileType = wrapper.framework; path = Common.framework; sourceTree = BUILT_PRODUCTS_DIR; };
		B96A35F229D08F6E00AC685F /* MinemeApp.entitlements */ = {isa = PBXFileReference; lastKnownFileType = text.plist.entitlements; path = MinemeApp.entitlements; sourceTree = "<group>"; };
		B97D44C829DB23AF0033586B /* SplashViewModel.swift */ = {isa = PBXFileReference; lastKnownFileType = sourcecode.swift; path = SplashViewModel.swift; sourceTree = "<group>"; };
		B97D44CE29DB3B610033586B /* AppCoordinator.swift */ = {isa = PBXFileReference; lastKnownFileType = sourcecode.swift; path = AppCoordinator.swift; sourceTree = "<group>"; };
		B97D44D429DB40530033586B /* DefaultAppCoordinator.swift */ = {isa = PBXFileReference; lastKnownFileType = sourcecode.swift; path = DefaultAppCoordinator.swift; sourceTree = "<group>"; };
		B97D44DD29DB4DAD0033586B /* TabBarControllerDelegate.swift */ = {isa = PBXFileReference; lastKnownFileType = sourcecode.swift; path = TabBarControllerDelegate.swift; sourceTree = "<group>"; };
		B97D44EA29DBFE920033586B /* DefaultTabBarCoordinator.swift */ = {isa = PBXFileReference; lastKnownFileType = sourcecode.swift; path = DefaultTabBarCoordinator.swift; sourceTree = "<group>"; };
		B97D44ED29DC00C90033586B /* TabBarItemType.swift */ = {isa = PBXFileReference; lastKnownFileType = sourcecode.swift; path = TabBarItemType.swift; sourceTree = "<group>"; };
		B9BE5A4D2923779E00E82CFB /* Story.framework */ = {isa = PBXFileReference; explicitFileType = wrapper.framework; path = Story.framework; sourceTree = BUILT_PRODUCTS_DIR; };
		B9BE5A722923881A00E82CFB /* Story.framework */ = {isa = PBXFileReference; explicitFileType = wrapper.framework; path = Story.framework; sourceTree = BUILT_PRODUCTS_DIR; };
		B9F11F80291696CC00CED4C1 /* MinemeApp.app */ = {isa = PBXFileReference; explicitFileType = wrapper.application; includeInIndex = 0; path = MinemeApp.app; sourceTree = BUILT_PRODUCTS_DIR; };
		B9F11F83291696CC00CED4C1 /* AppDelegate.swift */ = {isa = PBXFileReference; lastKnownFileType = sourcecode.swift; path = AppDelegate.swift; sourceTree = "<group>"; };
		B9F11F85291696CC00CED4C1 /* SceneDelegate.swift */ = {isa = PBXFileReference; lastKnownFileType = sourcecode.swift; path = SceneDelegate.swift; sourceTree = "<group>"; };
		B9F11F87291696CC00CED4C1 /* TabBarController.swift */ = {isa = PBXFileReference; lastKnownFileType = sourcecode.swift; path = TabBarController.swift; sourceTree = "<group>"; };
		B9F11F8C291696CD00CED4C1 /* Assets.xcassets */ = {isa = PBXFileReference; lastKnownFileType = folder.assetcatalog; path = Assets.xcassets; sourceTree = "<group>"; };
		B9F11F91291696CD00CED4C1 /* Info.plist */ = {isa = PBXFileReference; lastKnownFileType = text.plist.xml; path = Info.plist; sourceTree = "<group>"; };
		B9F11FBC2916B48200CED4C1 /* Home.framework */ = {isa = PBXFileReference; explicitFileType = wrapper.framework; path = Home.framework; sourceTree = BUILT_PRODUCTS_DIR; };
		B9F7A903293F632F00619054 /* Onboarding.framework */ = {isa = PBXFileReference; explicitFileType = wrapper.framework; path = Onboarding.framework; sourceTree = BUILT_PRODUCTS_DIR; };
		B9F7A914293F712B00619054 /* Color.xcassets */ = {isa = PBXFileReference; lastKnownFileType = folder.assetcatalog; path = Color.xcassets; sourceTree = "<group>"; };
		B9FDB7EE29361789002DB8B1 /* Setting.framework */ = {isa = PBXFileReference; explicitFileType = wrapper.framework; path = Setting.framework; sourceTree = BUILT_PRODUCTS_DIR; };
/* End PBXFileReference section */

/* Begin PBXFrameworksBuildPhase section */
		B9F11F7D291696CC00CED4C1 /* Frameworks */ = {
			isa = PBXFrameworksBuildPhase;
			buildActionMask = 2147483647;
			files = (
				B9F7A904293F632F00619054 /* Onboarding.framework in Frameworks */,
				B95D6451299DFF4600BCA7E0 /* Login.framework in Frameworks */,
				B9BE5A732923881A00E82CFB /* Story.framework in Frameworks */,
				B9F11FBD2916B48200CED4C1 /* Home.framework in Frameworks */,
				B96A35E729D072F900AC685F /* Common.framework in Frameworks */,
				B9FDB7EF29361789002DB8B1 /* Setting.framework in Frameworks */,
				A453AA945F93C2E82D6E9B04 /* Pods_MinemeApp.framework in Frameworks */,
			);
			runOnlyForDeploymentPostprocessing = 0;
		};
/* End PBXFrameworksBuildPhase section */

/* Begin PBXGroup section */
		899609219511AF583CA059D7 /* Pods */ = {
			isa = PBXGroup;
			children = (
				6E576BBC10B960B869A88707 /* Pods-MinemeApp.debug.xcconfig */,
				13109AA53D33ADA4F6DFC96B /* Pods-MinemeApp.release.xcconfig */,
			);
			name = Pods;
			path = ../Pods;
			sourceTree = "<group>";
		};
		B92411BD29D46CA5006DC123 /* Resource */ = {
			isa = PBXGroup;
			children = (
				B9F11F8C291696CD00CED4C1 /* Assets.xcassets */,
				B9F7A914293F712B00619054 /* Color.xcassets */,
				B9F11F91291696CD00CED4C1 /* Info.plist */,
			);
			path = Resource;
			sourceTree = "<group>";
		};
		B92411BF29D47039006DC123 /* Application */ = {
			isa = PBXGroup;
			children = (
				B9F11F83291696CC00CED4C1 /* AppDelegate.swift */,
				B9F11F85291696CC00CED4C1 /* SceneDelegate.swift */,
			);
			path = Application;
			sourceTree = "<group>";
		};
		B92411D629D4834B006DC123 /* View */ = {
			isa = PBXGroup;
			children = (
				B97D44DC29DB4D9C0033586B /* Protocol */,
				B9F11F87291696CC00CED4C1 /* TabBarController.swift */,
				B92411D729D48373006DC123 /* SplashViewController.swift */,
			);
			path = View;
			sourceTree = "<group>";
		};
		B97D44C729DB23940033586B /* ViewModel */ = {
			isa = PBXGroup;
			children = (
				B97D44C829DB23AF0033586B /* SplashViewModel.swift */,
			);
			path = ViewModel;
			sourceTree = "<group>";
		};
		B97D44CD29DB3B490033586B /* Coordinator */ = {
			isa = PBXGroup;
			children = (
				B97D44D329DB403F0033586B /* Protocol */,
				B97D44D429DB40530033586B /* DefaultAppCoordinator.swift */,
				B97D44EA29DBFE920033586B /* DefaultTabBarCoordinator.swift */,
			);
			path = Coordinator;
			sourceTree = "<group>";
		};
		B97D44D329DB403F0033586B /* Protocol */ = {
			isa = PBXGroup;
			children = (
				B97D44CE29DB3B610033586B /* AppCoordinator.swift */,
			);
			path = Protocol;
			sourceTree = "<group>";
		};
		B97D44DC29DB4D9C0033586B /* Protocol */ = {
			isa = PBXGroup;
			children = (
				B97D44DD29DB4DAD0033586B /* TabBarControllerDelegate.swift */,
			);
			path = Protocol;
			sourceTree = "<group>";
		};
		B97D44EC29DC00940033586B /* Model */ = {
			isa = PBXGroup;
			children = (
				B97D44ED29DC00C90033586B /* TabBarItemType.swift */,
			);
			path = Model;
			sourceTree = "<group>";
		};
		B9F11F77291696CC00CED4C1 = {
			isa = PBXGroup;
			children = (
				B9F11F82291696CC00CED4C1 /* MinemeApp */,
				B9F11F81291696CC00CED4C1 /* Products */,
				B9F11FBB2916B48200CED4C1 /* Frameworks */,
				899609219511AF583CA059D7 /* Pods */,
			);
			sourceTree = "<group>";
		};
		B9F11F81291696CC00CED4C1 /* Products */ = {
			isa = PBXGroup;
			children = (
				B9F11F80291696CC00CED4C1 /* MinemeApp.app */,
			);
			name = Products;
			sourceTree = "<group>";
		};
		B9F11F82291696CC00CED4C1 /* MinemeApp */ = {
			isa = PBXGroup;
			children = (
				B96A35F229D08F6E00AC685F /* MinemeApp.entitlements */,
				B92411BF29D47039006DC123 /* Application */,
				B92411D629D4834B006DC123 /* View */,
				B97D44C729DB23940033586B /* ViewModel */,
				B97D44CD29DB3B490033586B /* Coordinator */,
				B97D44EC29DC00940033586B /* Model */,
				B92411BD29D46CA5006DC123 /* Resource */,
			);
			path = MinemeApp;
			sourceTree = "<group>";
		};
		B9F11FBB2916B48200CED4C1 /* Frameworks */ = {
			isa = PBXGroup;
			children = (
				B96A35E629D072F900AC685F /* Common.framework */,
				B95D6450299DFF4600BCA7E0 /* Login.framework */,
				B9F7A903293F632F00619054 /* Onboarding.framework */,
				B9FDB7EE29361789002DB8B1 /* Setting.framework */,
				B9BE5A722923881A00E82CFB /* Story.framework */,
				B9BE5A4D2923779E00E82CFB /* Story.framework */,
				B9F11FBC2916B48200CED4C1 /* Home.framework */,
				6142CDB25D79F7A284EFC470 /* Pods_MinemeApp.framework */,
			);
			name = Frameworks;
			sourceTree = "<group>";
		};
/* End PBXGroup section */

/* Begin PBXNativeTarget section */
		B9F11F7F291696CC00CED4C1 /* MinemeApp */ = {
			isa = PBXNativeTarget;
			buildConfigurationList = B9F11F94291696CD00CED4C1 /* Build configuration list for PBXNativeTarget "MinemeApp" */;
			buildPhases = (
				B2560794C2BE88B622A20E28 /* [CP] Check Pods Manifest.lock */,
				B9F11F7C291696CC00CED4C1 /* Sources */,
				B9F11F7D291696CC00CED4C1 /* Frameworks */,
				B9F11F7E291696CC00CED4C1 /* Resources */,
				B9F11FBF2916B48200CED4C1 /* Embed Frameworks */,
				2EAF7EC991BDA48FC1E175DF /* [CP] Embed Pods Frameworks */,
			);
			buildRules = (
			);
			dependencies = (
			);
			name = MinemeApp;
			productName = MinemeApp;
			productReference = B9F11F80291696CC00CED4C1 /* MinemeApp.app */;
			productType = "com.apple.product-type.application";
		};
/* End PBXNativeTarget section */

/* Begin PBXProject section */
		B9F11F78291696CC00CED4C1 /* Project object */ = {
			isa = PBXProject;
			attributes = {
				BuildIndependentTargetsInParallel = 1;
				LastSwiftUpdateCheck = 1410;
				LastUpgradeCheck = 1410;
				TargetAttributes = {
					B9F11F7F291696CC00CED4C1 = {
						CreatedOnToolsVersion = 14.1;
					};
				};
			};
			buildConfigurationList = B9F11F7B291696CC00CED4C1 /* Build configuration list for PBXProject "MinemeApp" */;
			compatibilityVersion = "Xcode 14.0";
			developmentRegion = en;
			hasScannedForEncodings = 0;
			knownRegions = (
				en,
				Base,
			);
			mainGroup = B9F11F77291696CC00CED4C1;
			productRefGroup = B9F11F81291696CC00CED4C1 /* Products */;
			projectDirPath = "";
			projectRoot = "";
			targets = (
				B9F11F7F291696CC00CED4C1 /* MinemeApp */,
			);
		};
/* End PBXProject section */

/* Begin PBXResourcesBuildPhase section */
		B9F11F7E291696CC00CED4C1 /* Resources */ = {
			isa = PBXResourcesBuildPhase;
			buildActionMask = 2147483647;
			files = (
				B9F11F8D291696CD00CED4C1 /* Assets.xcassets in Resources */,
				B9F7A915293F712B00619054 /* Color.xcassets in Resources */,
			);
			runOnlyForDeploymentPostprocessing = 0;
		};
/* End PBXResourcesBuildPhase section */

/* Begin PBXShellScriptBuildPhase section */
		2EAF7EC991BDA48FC1E175DF /* [CP] Embed Pods Frameworks */ = {
			isa = PBXShellScriptBuildPhase;
			buildActionMask = 2147483647;
			files = (
			);
			inputFileListPaths = (
				"${PODS_ROOT}/Target Support Files/Pods-MinemeApp/Pods-MinemeApp-frameworks-${CONFIGURATION}-input-files.xcfilelist",
			);
			name = "[CP] Embed Pods Frameworks";
			outputFileListPaths = (
				"${PODS_ROOT}/Target Support Files/Pods-MinemeApp/Pods-MinemeApp-frameworks-${CONFIGURATION}-output-files.xcfilelist",
			);
			runOnlyForDeploymentPostprocessing = 0;
			shellPath = /bin/sh;
			shellScript = "\"${PODS_ROOT}/Target Support Files/Pods-MinemeApp/Pods-MinemeApp-frameworks.sh\"\n";
			showEnvVarsInLog = 0;
		};
		B2560794C2BE88B622A20E28 /* [CP] Check Pods Manifest.lock */ = {
			isa = PBXShellScriptBuildPhase;
			buildActionMask = 2147483647;
			files = (
			);
			inputFileListPaths = (
			);
			inputPaths = (
				"${PODS_PODFILE_DIR_PATH}/Podfile.lock",
				"${PODS_ROOT}/Manifest.lock",
			);
			name = "[CP] Check Pods Manifest.lock";
			outputFileListPaths = (
			);
			outputPaths = (
				"$(DERIVED_FILE_DIR)/Pods-MinemeApp-checkManifestLockResult.txt",
			);
			runOnlyForDeploymentPostprocessing = 0;
			shellPath = /bin/sh;
			shellScript = "diff \"${PODS_PODFILE_DIR_PATH}/Podfile.lock\" \"${PODS_ROOT}/Manifest.lock\" > /dev/null\nif [ $? != 0 ] ; then\n    # print error to STDERR\n    echo \"error: The sandbox is not in sync with the Podfile.lock. Run 'pod install' or update your CocoaPods installation.\" >&2\n    exit 1\nfi\n# This output is used by Xcode 'outputs' to avoid re-running this script phase.\necho \"SUCCESS\" > \"${SCRIPT_OUTPUT_FILE_0}\"\n";
			showEnvVarsInLog = 0;
		};
/* End PBXShellScriptBuildPhase section */

/* Begin PBXSourcesBuildPhase section */
		B9F11F7C291696CC00CED4C1 /* Sources */ = {
			isa = PBXSourcesBuildPhase;
			buildActionMask = 2147483647;
			files = (
				B97D44CF29DB3B610033586B /* AppCoordinator.swift in Sources */,
				B97D44C929DB23AF0033586B /* SplashViewModel.swift in Sources */,
				B9F11F88291696CC00CED4C1 /* TabBarController.swift in Sources */,
				B97D44D529DB40530033586B /* DefaultAppCoordinator.swift in Sources */,
				B97D44DE29DB4DAD0033586B /* TabBarControllerDelegate.swift in Sources */,
				B9F11F84291696CC00CED4C1 /* AppDelegate.swift in Sources */,
				B97D44EE29DC00C90033586B /* TabBarItemType.swift in Sources */,
				B97D44EB29DBFE920033586B /* DefaultTabBarCoordinator.swift in Sources */,
				B9F11F86291696CC00CED4C1 /* SceneDelegate.swift in Sources */,
				B92411D829D48373006DC123 /* SplashViewController.swift in Sources */,
			);
			runOnlyForDeploymentPostprocessing = 0;
		};
/* End PBXSourcesBuildPhase section */

/* Begin XCBuildConfiguration section */
		B9F11F92291696CD00CED4C1 /* Debug */ = {
			isa = XCBuildConfiguration;
			buildSettings = {
				ALWAYS_SEARCH_USER_PATHS = NO;
				CLANG_ANALYZER_NONNULL = YES;
				CLANG_ANALYZER_NUMBER_OBJECT_CONVERSION = YES_AGGRESSIVE;
				CLANG_CXX_LANGUAGE_STANDARD = "gnu++20";
				CLANG_ENABLE_MODULES = YES;
				CLANG_ENABLE_OBJC_ARC = YES;
				CLANG_ENABLE_OBJC_WEAK = YES;
				CLANG_WARN_BLOCK_CAPTURE_AUTORELEASING = YES;
				CLANG_WARN_BOOL_CONVERSION = YES;
				CLANG_WARN_COMMA = YES;
				CLANG_WARN_CONSTANT_CONVERSION = YES;
				CLANG_WARN_DEPRECATED_OBJC_IMPLEMENTATIONS = YES;
				CLANG_WARN_DIRECT_OBJC_ISA_USAGE = YES_ERROR;
				CLANG_WARN_DOCUMENTATION_COMMENTS = YES;
				CLANG_WARN_EMPTY_BODY = YES;
				CLANG_WARN_ENUM_CONVERSION = YES;
				CLANG_WARN_INFINITE_RECURSION = YES;
				CLANG_WARN_INT_CONVERSION = YES;
				CLANG_WARN_NON_LITERAL_NULL_CONVERSION = YES;
				CLANG_WARN_OBJC_IMPLICIT_RETAIN_SELF = YES;
				CLANG_WARN_OBJC_LITERAL_CONVERSION = YES;
				CLANG_WARN_OBJC_ROOT_CLASS = YES_ERROR;
				CLANG_WARN_QUOTED_INCLUDE_IN_FRAMEWORK_HEADER = YES;
				CLANG_WARN_RANGE_LOOP_ANALYSIS = YES;
				CLANG_WARN_STRICT_PROTOTYPES = YES;
				CLANG_WARN_SUSPICIOUS_MOVE = YES;
				CLANG_WARN_UNGUARDED_AVAILABILITY = YES_AGGRESSIVE;
				CLANG_WARN_UNREACHABLE_CODE = YES;
				CLANG_WARN__DUPLICATE_METHOD_MATCH = YES;
				COPY_PHASE_STRIP = NO;
				DEBUG_INFORMATION_FORMAT = dwarf;
				ENABLE_STRICT_OBJC_MSGSEND = YES;
				ENABLE_TESTABILITY = YES;
				GCC_C_LANGUAGE_STANDARD = gnu11;
				GCC_DYNAMIC_NO_PIC = NO;
				GCC_NO_COMMON_BLOCKS = YES;
				GCC_OPTIMIZATION_LEVEL = 0;
				GCC_PREPROCESSOR_DEFINITIONS = (
					"DEBUG=1",
					"$(inherited)",
				);
				GCC_WARN_64_TO_32_BIT_CONVERSION = YES;
				GCC_WARN_ABOUT_RETURN_TYPE = YES_ERROR;
				GCC_WARN_UNDECLARED_SELECTOR = YES;
				GCC_WARN_UNINITIALIZED_AUTOS = YES_AGGRESSIVE;
				GCC_WARN_UNUSED_FUNCTION = YES;
				GCC_WARN_UNUSED_VARIABLE = YES;
				IPHONEOS_DEPLOYMENT_TARGET = 14.0;
				MTL_ENABLE_DEBUG_INFO = INCLUDE_SOURCE;
				MTL_FAST_MATH = YES;
				ONLY_ACTIVE_ARCH = YES;
				SDKROOT = iphoneos;
				SWIFT_ACTIVE_COMPILATION_CONDITIONS = DEBUG;
				SWIFT_OPTIMIZATION_LEVEL = "-Onone";
			};
			name = Debug;
		};
		B9F11F93291696CD00CED4C1 /* Release */ = {
			isa = XCBuildConfiguration;
			buildSettings = {
				ALWAYS_SEARCH_USER_PATHS = NO;
				CLANG_ANALYZER_NONNULL = YES;
				CLANG_ANALYZER_NUMBER_OBJECT_CONVERSION = YES_AGGRESSIVE;
				CLANG_CXX_LANGUAGE_STANDARD = "gnu++20";
				CLANG_ENABLE_MODULES = YES;
				CLANG_ENABLE_OBJC_ARC = YES;
				CLANG_ENABLE_OBJC_WEAK = YES;
				CLANG_WARN_BLOCK_CAPTURE_AUTORELEASING = YES;
				CLANG_WARN_BOOL_CONVERSION = YES;
				CLANG_WARN_COMMA = YES;
				CLANG_WARN_CONSTANT_CONVERSION = YES;
				CLANG_WARN_DEPRECATED_OBJC_IMPLEMENTATIONS = YES;
				CLANG_WARN_DIRECT_OBJC_ISA_USAGE = YES_ERROR;
				CLANG_WARN_DOCUMENTATION_COMMENTS = YES;
				CLANG_WARN_EMPTY_BODY = YES;
				CLANG_WARN_ENUM_CONVERSION = YES;
				CLANG_WARN_INFINITE_RECURSION = YES;
				CLANG_WARN_INT_CONVERSION = YES;
				CLANG_WARN_NON_LITERAL_NULL_CONVERSION = YES;
				CLANG_WARN_OBJC_IMPLICIT_RETAIN_SELF = YES;
				CLANG_WARN_OBJC_LITERAL_CONVERSION = YES;
				CLANG_WARN_OBJC_ROOT_CLASS = YES_ERROR;
				CLANG_WARN_QUOTED_INCLUDE_IN_FRAMEWORK_HEADER = YES;
				CLANG_WARN_RANGE_LOOP_ANALYSIS = YES;
				CLANG_WARN_STRICT_PROTOTYPES = YES;
				CLANG_WARN_SUSPICIOUS_MOVE = YES;
				CLANG_WARN_UNGUARDED_AVAILABILITY = YES_AGGRESSIVE;
				CLANG_WARN_UNREACHABLE_CODE = YES;
				CLANG_WARN__DUPLICATE_METHOD_MATCH = YES;
				COPY_PHASE_STRIP = NO;
				DEBUG_INFORMATION_FORMAT = "dwarf-with-dsym";
				ENABLE_NS_ASSERTIONS = NO;
				ENABLE_STRICT_OBJC_MSGSEND = YES;
				GCC_C_LANGUAGE_STANDARD = gnu11;
				GCC_NO_COMMON_BLOCKS = YES;
				GCC_WARN_64_TO_32_BIT_CONVERSION = YES;
				GCC_WARN_ABOUT_RETURN_TYPE = YES_ERROR;
				GCC_WARN_UNDECLARED_SELECTOR = YES;
				GCC_WARN_UNINITIALIZED_AUTOS = YES_AGGRESSIVE;
				GCC_WARN_UNUSED_FUNCTION = YES;
				GCC_WARN_UNUSED_VARIABLE = YES;
				IPHONEOS_DEPLOYMENT_TARGET = 14.0;
				MTL_ENABLE_DEBUG_INFO = NO;
				MTL_FAST_MATH = YES;
				SDKROOT = iphoneos;
				SWIFT_COMPILATION_MODE = wholemodule;
				SWIFT_OPTIMIZATION_LEVEL = "-O";
				VALIDATE_PRODUCT = YES;
			};
			name = Release;
		};
		B9F11F95291696CD00CED4C1 /* Debug */ = {
			isa = XCBuildConfiguration;
			baseConfigurationReference = 6E576BBC10B960B869A88707 /* Pods-MinemeApp.debug.xcconfig */;
			buildSettings = {
				ASSETCATALOG_COMPILER_APPICON_NAME = AppIcon;
				ASSETCATALOG_COMPILER_GLOBAL_ACCENT_COLOR_NAME = AccentColor;
				CODE_SIGN_ENTITLEMENTS = MinemeApp/MinemeApp.entitlements;
				CODE_SIGN_STYLE = Automatic;
				CURRENT_PROJECT_VERSION = 1;
				DEVELOPMENT_TEAM = PF6QF5WXTK;
				GENERATE_INFOPLIST_FILE = YES;
				INFOPLIST_FILE = MinemeApp/Resource/Info.plist;
				INFOPLIST_KEY_NSLocationWhenInUseUsageDescription = "기록을 위해서 갤러리 및 위치 접근 동의가 필요해요.\n 위치 접근 동의가 필요해요.";
				INFOPLIST_KEY_UIApplicationSupportsIndirectInputEvents = YES;
				INFOPLIST_KEY_UILaunchStoryboardName = LaunchScreen;
				INFOPLIST_KEY_UIMainStoryboardFile = "";
				INFOPLIST_KEY_UISupportedInterfaceOrientations_iPad = "UIInterfaceOrientationPortrait UIInterfaceOrientationPortraitUpsideDown UIInterfaceOrientationLandscapeLeft UIInterfaceOrientationLandscapeRight";
				INFOPLIST_KEY_UISupportedInterfaceOrientations_iPhone = "UIInterfaceOrientationPortrait UIInterfaceOrientationLandscapeLeft UIInterfaceOrientationLandscapeRight";
				IPHONEOS_DEPLOYMENT_TARGET = 14.0;
				LD_RUNPATH_SEARCH_PATHS = (
					"$(inherited)",
					"@executable_path/Frameworks",
				);
				MARKETING_VERSION = 1.0.0;
				PRODUCT_BUNDLE_IDENTIFIER = com.mineme.ios.MinemeApp;
				PRODUCT_NAME = "$(TARGET_NAME)";
				SUPPORTED_PLATFORMS = "iphoneos iphonesimulator";
				SUPPORTS_MACCATALYST = NO;
				SUPPORTS_MAC_DESIGNED_FOR_IPHONE_IPAD = NO;
				SWIFT_EMIT_LOC_STRINGS = YES;
				SWIFT_VERSION = 5.0;
				TARGETED_DEVICE_FAMILY = 1;
			};
			name = Debug;
		};
		B9F11F96291696CD00CED4C1 /* Release */ = {
			isa = XCBuildConfiguration;
			baseConfigurationReference = 13109AA53D33ADA4F6DFC96B /* Pods-MinemeApp.release.xcconfig */;
			buildSettings = {
				ASSETCATALOG_COMPILER_APPICON_NAME = AppIcon;
				ASSETCATALOG_COMPILER_GLOBAL_ACCENT_COLOR_NAME = AccentColor;
				CODE_SIGN_ENTITLEMENTS = MinemeApp/MinemeApp.entitlements;
				CODE_SIGN_STYLE = Automatic;
				CURRENT_PROJECT_VERSION = 1;
				DEVELOPMENT_TEAM = PF6QF5WXTK;
				GENERATE_INFOPLIST_FILE = YES;
				INFOPLIST_FILE = MinemeApp/Resource/Info.plist;
				INFOPLIST_KEY_NSLocationWhenInUseUsageDescription = "기록을 위해서 갤러리 및 위치 접근 동의가 필요해요.\n 위치 접근 동의가 필요해요.";
				INFOPLIST_KEY_UIApplicationSupportsIndirectInputEvents = YES;
				INFOPLIST_KEY_UILaunchStoryboardName = LaunchScreen;
				INFOPLIST_KEY_UIMainStoryboardFile = "";
				INFOPLIST_KEY_UISupportedInterfaceOrientations_iPad = "UIInterfaceOrientationPortrait UIInterfaceOrientationPortraitUpsideDown UIInterfaceOrientationLandscapeLeft UIInterfaceOrientationLandscapeRight";
				INFOPLIST_KEY_UISupportedInterfaceOrientations_iPhone = "UIInterfaceOrientationPortrait UIInterfaceOrientationLandscapeLeft UIInterfaceOrientationLandscapeRight";
				IPHONEOS_DEPLOYMENT_TARGET = 14.0;
				LD_RUNPATH_SEARCH_PATHS = (
					"$(inherited)",
					"@executable_path/Frameworks",
				);
				MARKETING_VERSION = 1.0.0;
				PRODUCT_BUNDLE_IDENTIFIER = com.mineme.ios.MinemeApp;
				PRODUCT_NAME = "$(TARGET_NAME)";
				SUPPORTED_PLATFORMS = "iphoneos iphonesimulator";
				SUPPORTS_MACCATALYST = NO;
				SUPPORTS_MAC_DESIGNED_FOR_IPHONE_IPAD = NO;
				SWIFT_EMIT_LOC_STRINGS = YES;
				SWIFT_VERSION = 5.0;
				TARGETED_DEVICE_FAMILY = 1;
			};
			name = Release;
		};
/* End XCBuildConfiguration section */

/* Begin XCConfigurationList section */
		B9F11F7B291696CC00CED4C1 /* Build configuration list for PBXProject "MinemeApp" */ = {
			isa = XCConfigurationList;
			buildConfigurations = (
				B9F11F92291696CD00CED4C1 /* Debug */,
				B9F11F93291696CD00CED4C1 /* Release */,
			);
			defaultConfigurationIsVisible = 0;
			defaultConfigurationName = Release;
		};
		B9F11F94291696CD00CED4C1 /* Build configuration list for PBXNativeTarget "MinemeApp" */ = {
			isa = XCConfigurationList;
			buildConfigurations = (
				B9F11F95291696CD00CED4C1 /* Debug */,
				B9F11F96291696CD00CED4C1 /* Release */,
			);
			defaultConfigurationIsVisible = 0;
			defaultConfigurationName = Release;
		};
/* End XCConfigurationList section */
	};
	rootObject = B9F11F78291696CC00CED4C1 /* Project object */;
}
