// !$*UTF8*$!
{
	archiveVersion = 1;
	classes = {
	};
	objectVersion = 56;
	objects = {

/* Begin PBXBuildFile section */
		B9BE5A732923881A00E82CFB /* Story.framework in Frameworks */ = {isa = PBXBuildFile; fileRef = B9BE5A722923881A00E82CFB /* Story.framework */; };
		B9BE5A742923881A00E82CFB /* Story.framework in Embed Frameworks */ = {isa = PBXBuildFile; fileRef = B9BE5A722923881A00E82CFB /* Story.framework */; settings = {ATTRIBUTES = (CodeSignOnCopy, RemoveHeadersOnCopy, ); }; };
		B9BE5A7D2923BDA600E82CFB /* SnapKit in Frameworks */ = {isa = PBXBuildFile; productRef = B9BE5A7C2923BDA600E82CFB /* SnapKit */; };
		B9F11F84291696CC00CED4C1 /* AppDelegate.swift in Sources */ = {isa = PBXBuildFile; fileRef = B9F11F83291696CC00CED4C1 /* AppDelegate.swift */; };
		B9F11F86291696CC00CED4C1 /* SceneDelegate.swift in Sources */ = {isa = PBXBuildFile; fileRef = B9F11F85291696CC00CED4C1 /* SceneDelegate.swift */; };
		B9F11F88291696CC00CED4C1 /* ViewController.swift in Sources */ = {isa = PBXBuildFile; fileRef = B9F11F87291696CC00CED4C1 /* ViewController.swift */; };
		B9F11F8D291696CD00CED4C1 /* Assets.xcassets in Resources */ = {isa = PBXBuildFile; fileRef = B9F11F8C291696CD00CED4C1 /* Assets.xcassets */; };
		B9F11FBD2916B48200CED4C1 /* Home.framework in Frameworks */ = {isa = PBXBuildFile; fileRef = B9F11FBC2916B48200CED4C1 /* Home.framework */; };
		B9F11FBE2916B48200CED4C1 /* Home.framework in Embed Frameworks */ = {isa = PBXBuildFile; fileRef = B9F11FBC2916B48200CED4C1 /* Home.framework */; settings = {ATTRIBUTES = (CodeSignOnCopy, RemoveHeadersOnCopy, ); }; };
		B9FDB7EF29361789002DB8B1 /* Setting.framework in Frameworks */ = {isa = PBXBuildFile; fileRef = B9FDB7EE29361789002DB8B1 /* Setting.framework */; };
		B9FDB7F029361789002DB8B1 /* Setting.framework in Embed Frameworks */ = {isa = PBXBuildFile; fileRef = B9FDB7EE29361789002DB8B1 /* Setting.framework */; settings = {ATTRIBUTES = (CodeSignOnCopy, RemoveHeadersOnCopy, ); }; };
/* End PBXBuildFile section */

/* Begin PBXCopyFilesBuildPhase section */
		B9F11FBF2916B48200CED4C1 /* Embed Frameworks */ = {
			isa = PBXCopyFilesBuildPhase;
			buildActionMask = 2147483647;
			dstPath = "";
			dstSubfolderSpec = 10;
			files = (
				B9BE5A742923881A00E82CFB /* Story.framework in Embed Frameworks */,
				B9F11FBE2916B48200CED4C1 /* Home.framework in Embed Frameworks */,
				B9FDB7F029361789002DB8B1 /* Setting.framework in Embed Frameworks */,
			);
			name = "Embed Frameworks";
			runOnlyForDeploymentPostprocessing = 0;
		};
/* End PBXCopyFilesBuildPhase section */

/* Begin PBXFileReference section */
		B9BE5A4D2923779E00E82CFB /* Story.framework */ = {isa = PBXFileReference; explicitFileType = wrapper.framework; path = Story.framework; sourceTree = BUILT_PRODUCTS_DIR; };
		B9BE5A722923881A00E82CFB /* Story.framework */ = {isa = PBXFileReference; explicitFileType = wrapper.framework; path = Story.framework; sourceTree = BUILT_PRODUCTS_DIR; };
		B9F11F80291696CC00CED4C1 /* MinemeApp.app */ = {isa = PBXFileReference; explicitFileType = wrapper.application; includeInIndex = 0; path = MinemeApp.app; sourceTree = BUILT_PRODUCTS_DIR; };
		B9F11F83291696CC00CED4C1 /* AppDelegate.swift */ = {isa = PBXFileReference; lastKnownFileType = sourcecode.swift; path = AppDelegate.swift; sourceTree = "<group>"; };
		B9F11F85291696CC00CED4C1 /* SceneDelegate.swift */ = {isa = PBXFileReference; lastKnownFileType = sourcecode.swift; path = SceneDelegate.swift; sourceTree = "<group>"; };
		B9F11F87291696CC00CED4C1 /* ViewController.swift */ = {isa = PBXFileReference; lastKnownFileType = sourcecode.swift; path = ViewController.swift; sourceTree = "<group>"; };
		B9F11F8C291696CD00CED4C1 /* Assets.xcassets */ = {isa = PBXFileReference; lastKnownFileType = folder.assetcatalog; path = Assets.xcassets; sourceTree = "<group>"; };
		B9F11F91291696CD00CED4C1 /* Info.plist */ = {isa = PBXFileReference; lastKnownFileType = text.plist.xml; path = Info.plist; sourceTree = "<group>"; };
		B9F11FBC2916B48200CED4C1 /* Home.framework */ = {isa = PBXFileReference; explicitFileType = wrapper.framework; path = Home.framework; sourceTree = BUILT_PRODUCTS_DIR; };
		B9FDB7EE29361789002DB8B1 /* Setting.framework */ = {isa = PBXFileReference; explicitFileType = wrapper.framework; path = Setting.framework; sourceTree = BUILT_PRODUCTS_DIR; };
/* End PBXFileReference section */

/* Begin PBXFrameworksBuildPhase section */
		B9F11F7D291696CC00CED4C1 /* Frameworks */ = {
			isa = PBXFrameworksBuildPhase;
			buildActionMask = 2147483647;
			files = (
				B9BE5A7D2923BDA600E82CFB /* SnapKit in Frameworks */,
				B9BE5A732923881A00E82CFB /* Story.framework in Frameworks */,
				B9F11FBD2916B48200CED4C1 /* Home.framework in Frameworks */,
				B9FDB7EF29361789002DB8B1 /* Setting.framework in Frameworks */,
			);
			runOnlyForDeploymentPostprocessing = 0;
		};
/* End PBXFrameworksBuildPhase section */

/* Begin PBXGroup section */
		B9F11F77291696CC00CED4C1 = {
			isa = PBXGroup;
			children = (
				B9F11F82291696CC00CED4C1 /* MinemeApp */,
				B9F11F81291696CC00CED4C1 /* Products */,
				B9F11FBB2916B48200CED4C1 /* Frameworks */,
			);
			sourceTree = "<group>";
		};
		B9F11F81291696CC00CED4C1 /* Products */ = {
			isa = PBXGroup;
			children = (
				B9F11F80291696CC00CED4C1 /* MinemeApp.app */,
			);
			name = Products;
			sourceTree = "<group>";
		};
		B9F11F82291696CC00CED4C1 /* MinemeApp */ = {
			isa = PBXGroup;
			children = (
				B9F11F83291696CC00CED4C1 /* AppDelegate.swift */,
				B9F11F85291696CC00CED4C1 /* SceneDelegate.swift */,
				B9F11F87291696CC00CED4C1 /* ViewController.swift */,
				B9F11F8C291696CD00CED4C1 /* Assets.xcassets */,
				B9F11F91291696CD00CED4C1 /* Info.plist */,
			);
			path = MinemeApp;
			sourceTree = "<group>";
		};
		B9F11FBB2916B48200CED4C1 /* Frameworks */ = {
			isa = PBXGroup;
			children = (
				B9FDB7EE29361789002DB8B1 /* Setting.framework */,
				B9BE5A722923881A00E82CFB /* Story.framework */,
				B9BE5A4D2923779E00E82CFB /* Story.framework */,
				B9F11FBC2916B48200CED4C1 /* Home.framework */,
			);
			name = Frameworks;
			sourceTree = "<group>";
		};
/* End PBXGroup section */

/* Begin PBXNativeTarget section */
		B9F11F7F291696CC00CED4C1 /* MinemeApp */ = {
			isa = PBXNativeTarget;
			buildConfigurationList = B9F11F94291696CD00CED4C1 /* Build configuration list for PBXNativeTarget "MinemeApp" */;
			buildPhases = (
				B9F11F7C291696CC00CED4C1 /* Sources */,
				B9F11F7D291696CC00CED4C1 /* Frameworks */,
				B9F11F7E291696CC00CED4C1 /* Resources */,
				B9F11FBF2916B48200CED4C1 /* Embed Frameworks */,
			);
			buildRules = (
			);
			dependencies = (
			);
			name = MinemeApp;
			packageProductDependencies = (
				B9BE5A7C2923BDA600E82CFB /* SnapKit */,
			);
			productName = MinemeApp;
			productReference = B9F11F80291696CC00CED4C1 /* MinemeApp.app */;
			productType = "com.apple.product-type.application";
		};
/* End PBXNativeTarget section */

/* Begin PBXProject section */
		B9F11F78291696CC00CED4C1 /* Project object */ = {
			isa = PBXProject;
			attributes = {
				BuildIndependentTargetsInParallel = 1;
				LastSwiftUpdateCheck = 1410;
				LastUpgradeCheck = 1410;
				TargetAttributes = {
					B9F11F7F291696CC00CED4C1 = {
						CreatedOnToolsVersion = 14.1;
					};
				};
			};
			buildConfigurationList = B9F11F7B291696CC00CED4C1 /* Build configuration list for PBXProject "MinemeApp" */;
			compatibilityVersion = "Xcode 14.0";
			developmentRegion = en;
			hasScannedForEncodings = 0;
			knownRegions = (
				en,
				Base,
			);
			mainGroup = B9F11F77291696CC00CED4C1;
			packageReferences = (
				B9BE5A7B2923BDA600E82CFB /* XCRemoteSwiftPackageReference "SnapKit" */,
			);
			productRefGroup = B9F11F81291696CC00CED4C1 /* Products */;
			projectDirPath = "";
			projectRoot = "";
			targets = (
				B9F11F7F291696CC00CED4C1 /* MinemeApp */,
			);
		};
/* End PBXProject section */

/* Begin PBXResourcesBuildPhase section */
		B9F11F7E291696CC00CED4C1 /* Resources */ = {
			isa = PBXResourcesBuildPhase;
			buildActionMask = 2147483647;
			files = (
				B9F11F8D291696CD00CED4C1 /* Assets.xcassets in Resources */,
			);
			runOnlyForDeploymentPostprocessing = 0;
		};
/* End PBXResourcesBuildPhase section */

/* Begin PBXSourcesBuildPhase section */
		B9F11F7C291696CC00CED4C1 /* Sources */ = {
			isa = PBXSourcesBuildPhase;
			buildActionMask = 2147483647;
			files = (
				B9F11F88291696CC00CED4C1 /* ViewController.swift in Sources */,
				B9F11F84291696CC00CED4C1 /* AppDelegate.swift in Sources */,
				B9F11F86291696CC00CED4C1 /* SceneDelegate.swift in Sources */,
			);
			runOnlyForDeploymentPostprocessing = 0;
		};
/* End PBXSourcesBuildPhase section */

/* Begin XCBuildConfiguration section */
		B9F11F92291696CD00CED4C1 /* Debug */ = {
			isa = XCBuildConfiguration;
			buildSettings = {
				ALWAYS_SEARCH_USER_PATHS = NO;
				CLANG_ANALYZER_NONNULL = YES;
				CLANG_ANALYZER_NUMBER_OBJECT_CONVERSION = YES_AGGRESSIVE;
				CLANG_CXX_LANGUAGE_STANDARD = "gnu++20";
				CLANG_ENABLE_MODULES = YES;
				CLANG_ENABLE_OBJC_ARC = YES;
				CLANG_ENABLE_OBJC_WEAK = YES;
				CLANG_WARN_BLOCK_CAPTURE_AUTORELEASING = YES;
				CLANG_WARN_BOOL_CONVERSION = YES;
				CLANG_WARN_COMMA = YES;
				CLANG_WARN_CONSTANT_CONVERSION = YES;
				CLANG_WARN_DEPRECATED_OBJC_IMPLEMENTATIONS = YES;
				CLANG_WARN_DIRECT_OBJC_ISA_USAGE = YES_ERROR;
				CLANG_WARN_DOCUMENTATION_COMMENTS = YES;
				CLANG_WARN_EMPTY_BODY = YES;
				CLANG_WARN_ENUM_CONVERSION = YES;
				CLANG_WARN_INFINITE_RECURSION = YES;
				CLANG_WARN_INT_CONVERSION = YES;
				CLANG_WARN_NON_LITERAL_NULL_CONVERSION = YES;
				CLANG_WARN_OBJC_IMPLICIT_RETAIN_SELF = YES;
				CLANG_WARN_OBJC_LITERAL_CONVERSION = YES;
				CLANG_WARN_OBJC_ROOT_CLASS = YES_ERROR;
				CLANG_WARN_QUOTED_INCLUDE_IN_FRAMEWORK_HEADER = YES;
				CLANG_WARN_RANGE_LOOP_ANALYSIS = YES;
				CLANG_WARN_STRICT_PROTOTYPES = YES;
				CLANG_WARN_SUSPICIOUS_MOVE = YES;
				CLANG_WARN_UNGUARDED_AVAILABILITY = YES_AGGRESSIVE;
				CLANG_WARN_UNREACHABLE_CODE = YES;
				CLANG_WARN__DUPLICATE_METHOD_MATCH = YES;
				COPY_PHASE_STRIP = NO;
				DEBUG_INFORMATION_FORMAT = dwarf;
				ENABLE_STRICT_OBJC_MSGSEND = YES;
				ENABLE_TESTABILITY = YES;
				GCC_C_LANGUAGE_STANDARD = gnu11;
				GCC_DYNAMIC_NO_PIC = NO;
				GCC_NO_COMMON_BLOCKS = YES;
				GCC_OPTIMIZATION_LEVEL = 0;
				GCC_PREPROCESSOR_DEFINITIONS = (
					"DEBUG=1",
					"$(inherited)",
				);
				GCC_WARN_64_TO_32_BIT_CONVERSION = YES;
				GCC_WARN_ABOUT_RETURN_TYPE = YES_ERROR;
				GCC_WARN_UNDECLARED_SELECTOR = YES;
				GCC_WARN_UNINITIALIZED_AUTOS = YES_AGGRESSIVE;
				GCC_WARN_UNUSED_FUNCTION = YES;
				GCC_WARN_UNUSED_VARIABLE = YES;
				IPHONEOS_DEPLOYMENT_TARGET = 14.0;
				MTL_ENABLE_DEBUG_INFO = INCLUDE_SOURCE;
				MTL_FAST_MATH = YES;
				ONLY_ACTIVE_ARCH = YES;
				SDKROOT = iphoneos;
				SWIFT_ACTIVE_COMPILATION_CONDITIONS = DEBUG;
				SWIFT_OPTIMIZATION_LEVEL = "-Onone";
			};
			name = Debug;
		};
		B9F11F93291696CD00CED4C1 /* Release */ = {
			isa = XCBuildConfiguration;
			buildSettings = {
				ALWAYS_SEARCH_USER_PATHS = NO;
				CLANG_ANALYZER_NONNULL = YES;
				CLANG_ANALYZER_NUMBER_OBJECT_CONVERSION = YES_AGGRESSIVE;
				CLANG_CXX_LANGUAGE_STANDARD = "gnu++20";
				CLANG_ENABLE_MODULES = YES;
				CLANG_ENABLE_OBJC_ARC = YES;
				CLANG_ENABLE_OBJC_WEAK = YES;
				CLANG_WARN_BLOCK_CAPTURE_AUTORELEASING = YES;
				CLANG_WARN_BOOL_CONVERSION = YES;
				CLANG_WARN_COMMA = YES;
				CLANG_WARN_CONSTANT_CONVERSION = YES;
				CLANG_WARN_DEPRECATED_OBJC_IMPLEMENTATIONS = YES;
				CLANG_WARN_DIRECT_OBJC_ISA_USAGE = YES_ERROR;
				CLANG_WARN_DOCUMENTATION_COMMENTS = YES;
				CLANG_WARN_EMPTY_BODY = YES;
				CLANG_WARN_ENUM_CONVERSION = YES;
				CLANG_WARN_INFINITE_RECURSION = YES;
				CLANG_WARN_INT_CONVERSION = YES;
				CLANG_WARN_NON_LITERAL_NULL_CONVERSION = YES;
				CLANG_WARN_OBJC_IMPLICIT_RETAIN_SELF = YES;
				CLANG_WARN_OBJC_LITERAL_CONVERSION = YES;
				CLANG_WARN_OBJC_ROOT_CLASS = YES_ERROR;
				CLANG_WARN_QUOTED_INCLUDE_IN_FRAMEWORK_HEADER = YES;
				CLANG_WARN_RANGE_LOOP_ANALYSIS = YES;
				CLANG_WARN_STRICT_PROTOTYPES = YES;
				CLANG_WARN_SUSPICIOUS_MOVE = YES;
				CLANG_WARN_UNGUARDED_AVAILABILITY = YES_AGGRESSIVE;
				CLANG_WARN_UNREACHABLE_CODE = YES;
				CLANG_WARN__DUPLICATE_METHOD_MATCH = YES;
				COPY_PHASE_STRIP = NO;
				DEBUG_INFORMATION_FORMAT = "dwarf-with-dsym";
				ENABLE_NS_ASSERTIONS = NO;
				ENABLE_STRICT_OBJC_MSGSEND = YES;
				GCC_C_LANGUAGE_STANDARD = gnu11;
				GCC_NO_COMMON_BLOCKS = YES;
				GCC_WARN_64_TO_32_BIT_CONVERSION = YES;
				GCC_WARN_ABOUT_RETURN_TYPE = YES_ERROR;
				GCC_WARN_UNDECLARED_SELECTOR = YES;
				GCC_WARN_UNINITIALIZED_AUTOS = YES_AGGRESSIVE;
				GCC_WARN_UNUSED_FUNCTION = YES;
				GCC_WARN_UNUSED_VARIABLE = YES;
				IPHONEOS_DEPLOYMENT_TARGET = 14.0;
				MTL_ENABLE_DEBUG_INFO = NO;
				MTL_FAST_MATH = YES;
				SDKROOT = iphoneos;
				SWIFT_COMPILATION_MODE = wholemodule;
				SWIFT_OPTIMIZATION_LEVEL = "-O";
				VALIDATE_PRODUCT = YES;
			};
			name = Release;
		};
		B9F11F95291696CD00CED4C1 /* Debug */ = {
			isa = XCBuildConfiguration;
			buildSettings = {
				ASSETCATALOG_COMPILER_APPICON_NAME = AppIcon;
				ASSETCATALOG_COMPILER_GLOBAL_ACCENT_COLOR_NAME = AccentColor;
				CODE_SIGN_STYLE = Automatic;
				CURRENT_PROJECT_VERSION = 1;
				DEVELOPMENT_TEAM = PF6QF5WXTK;
				GENERATE_INFOPLIST_FILE = YES;
				INFOPLIST_FILE = MinemeApp/Info.plist;
				INFOPLIST_KEY_UIApplicationSupportsIndirectInputEvents = YES;
				INFOPLIST_KEY_UILaunchStoryboardName = LaunchScreen;
				INFOPLIST_KEY_UIMainStoryboardFile = "";
				INFOPLIST_KEY_UISupportedInterfaceOrientations_iPad = "UIInterfaceOrientationPortrait UIInterfaceOrientationPortraitUpsideDown UIInterfaceOrientationLandscapeLeft UIInterfaceOrientationLandscapeRight";
				INFOPLIST_KEY_UISupportedInterfaceOrientations_iPhone = "UIInterfaceOrientationPortrait UIInterfaceOrientationLandscapeLeft UIInterfaceOrientationLandscapeRight";
				IPHONEOS_DEPLOYMENT_TARGET = 14.0;
				LD_RUNPATH_SEARCH_PATHS = (
					"$(inherited)",
					"@executable_path/Frameworks",
				);
				MARKETING_VERSION = 1.0;
				PRODUCT_BUNDLE_IDENTIFIER = com.mineme.ios.MinemeApp;
				PRODUCT_NAME = "$(TARGET_NAME)";
				SWIFT_EMIT_LOC_STRINGS = YES;
				SWIFT_VERSION = 5.0;
				TARGETED_DEVICE_FAMILY = "1,2";
			};
			name = Debug;
		};
		B9F11F96291696CD00CED4C1 /* Release */ = {
			isa = XCBuildConfiguration;
			buildSettings = {
				ASSETCATALOG_COMPILER_APPICON_NAME = AppIcon;
				ASSETCATALOG_COMPILER_GLOBAL_ACCENT_COLOR_NAME = AccentColor;
				CODE_SIGN_STYLE = Automatic;
				CURRENT_PROJECT_VERSION = 1;
				DEVELOPMENT_TEAM = PF6QF5WXTK;
				GENERATE_INFOPLIST_FILE = YES;
				INFOPLIST_FILE = MinemeApp/Info.plist;
				INFOPLIST_KEY_UIApplicationSupportsIndirectInputEvents = YES;
				INFOPLIST_KEY_UILaunchStoryboardName = LaunchScreen;
				INFOPLIST_KEY_UIMainStoryboardFile = "";
				INFOPLIST_KEY_UISupportedInterfaceOrientations_iPad = "UIInterfaceOrientationPortrait UIInterfaceOrientationPortraitUpsideDown UIInterfaceOrientationLandscapeLeft UIInterfaceOrientationLandscapeRight";
				INFOPLIST_KEY_UISupportedInterfaceOrientations_iPhone = "UIInterfaceOrientationPortrait UIInterfaceOrientationLandscapeLeft UIInterfaceOrientationLandscapeRight";
				IPHONEOS_DEPLOYMENT_TARGET = 14.0;
				LD_RUNPATH_SEARCH_PATHS = (
					"$(inherited)",
					"@executable_path/Frameworks",
				);
				MARKETING_VERSION = 1.0;
				PRODUCT_BUNDLE_IDENTIFIER = com.mineme.ios.MinemeApp;
				PRODUCT_NAME = "$(TARGET_NAME)";
				SWIFT_EMIT_LOC_STRINGS = YES;
				SWIFT_VERSION = 5.0;
				TARGETED_DEVICE_FAMILY = "1,2";
			};
			name = Release;
		};
/* End XCBuildConfiguration section */

/* Begin XCConfigurationList section */
		B9F11F7B291696CC00CED4C1 /* Build configuration list for PBXProject "MinemeApp" */ = {
			isa = XCConfigurationList;
			buildConfigurations = (
				B9F11F92291696CD00CED4C1 /* Debug */,
				B9F11F93291696CD00CED4C1 /* Release */,
			);
			defaultConfigurationIsVisible = 0;
			defaultConfigurationName = Release;
		};
		B9F11F94291696CD00CED4C1 /* Build configuration list for PBXNativeTarget "MinemeApp" */ = {
			isa = XCConfigurationList;
			buildConfigurations = (
				B9F11F95291696CD00CED4C1 /* Debug */,
				B9F11F96291696CD00CED4C1 /* Release */,
			);
			defaultConfigurationIsVisible = 0;
			defaultConfigurationName = Release;
		};
/* End XCConfigurationList section */

/* Begin XCRemoteSwiftPackageReference section */
		B9BE5A7B2923BDA600E82CFB /* XCRemoteSwiftPackageReference "SnapKit" */ = {
			isa = XCRemoteSwiftPackageReference;
			repositoryURL = "https://github.com/SnapKit/SnapKit.git";
			requirement = {
				branch = develop;
				kind = branch;
			};
		};
/* End XCRemoteSwiftPackageReference section */

/* Begin XCSwiftPackageProductDependency section */
		B9BE5A7C2923BDA600E82CFB /* SnapKit */ = {
			isa = XCSwiftPackageProductDependency;
			package = B9BE5A7B2923BDA600E82CFB /* XCRemoteSwiftPackageReference "SnapKit" */;
			productName = SnapKit;
		};
/* End XCSwiftPackageProductDependency section */
	};
	rootObject = B9F11F78291696CC00CED4C1 /* Project object */;
}
